// !$*UTF8*$!
{
	archiveVersion = 1;
	classes = {
	};
	objectVersion = 46;
	objects = {

/* Begin PBXBuildFile section */
		0295B8FF19D102880036D6C3 /* Realm.framework in Frameworks */ = {isa = PBXBuildFile; fileRef = 0295B8FE19D102880036D6C3 /* Realm.framework */; };
		0295B90019D102880036D6C3 /* Realm.framework in Frameworks */ = {isa = PBXBuildFile; fileRef = 0295B8FE19D102880036D6C3 /* Realm.framework */; };
		0295B90119D102880036D6C3 /* Realm.framework in Frameworks */ = {isa = PBXBuildFile; fileRef = 0295B8FE19D102880036D6C3 /* Realm.framework */; };
		0295B90219D102880036D6C3 /* Realm.framework in Frameworks */ = {isa = PBXBuildFile; fileRef = 0295B8FE19D102880036D6C3 /* Realm.framework */; };
		0295B90319D102880036D6C3 /* Realm.framework in Frameworks */ = {isa = PBXBuildFile; fileRef = 0295B8FE19D102880036D6C3 /* Realm.framework */; };
		3F78C9BD1B431CF300A0988E /* CoreGraphics.framework in Frameworks */ = {isa = PBXBuildFile; fileRef = E8AB71AB19BA502500F3EDB4 /* CoreGraphics.framework */; };
		3F78C9BE1B431CF300A0988E /* Foundation.framework in Frameworks */ = {isa = PBXBuildFile; fileRef = E8AB71A919BA502500F3EDB4 /* Foundation.framework */; };
		3F78C9BF1B431CF300A0988E /* libc++.dylib in Frameworks */ = {isa = PBXBuildFile; fileRef = E8F70ED019BA52E8006F60D5 /* libc++.dylib */; };
		3F78C9C01B431CF300A0988E /* Realm.framework in Frameworks */ = {isa = PBXBuildFile; fileRef = 0295B8FE19D102880036D6C3 /* Realm.framework */; };
		3F78C9C11B431CF300A0988E /* UIKit.framework in Frameworks */ = {isa = PBXBuildFile; fileRef = E8AB71AD19BA502500F3EDB4 /* UIKit.framework */; };
		3F78C9C31B431CF300A0988E /* Images.xcassets in Resources */ = {isa = PBXBuildFile; fileRef = E879D9DD1A12AA400035E2EB /* Images.xcassets */; };
		3F78C9C91B431D6F00A0988E /* AppDelegate.m in Sources */ = {isa = PBXBuildFile; fileRef = 3F78C9AE1B431CDF00A0988E /* AppDelegate.m */; };
		3F78C9CA1B431D7400A0988E /* TableViewController.m in Sources */ = {isa = PBXBuildFile; fileRef = 3F78C9B01B431CDF00A0988E /* TableViewController.m */; };
		3F78C9CB1B431D7A00A0988E /* main.m in Sources */ = {isa = PBXBuildFile; fileRef = 3F78C9AF1B431CDF00A0988E /* main.m */; };
		3FC898FD1A140F550067CBEC /* LabelViewController.m in Sources */ = {isa = PBXBuildFile; fileRef = 3FC898FC1A140F550067CBEC /* LabelViewController.m */; };
		41D186AC1C6E8BA883A87D87 /* libPods-RACTableView.a in Frameworks */ = {isa = PBXBuildFile; fileRef = A6095331EBF052A74372F887 /* libPods-RACTableView.a */; };
		C06134DF1A718BB800D22D12 /* TodayExtension.appex in Embed App Extensions */ = {isa = PBXBuildFile; fileRef = C0DC42061A7079D00067156A /* TodayExtension.appex */; settings = {ATTRIBUTES = (RemoveHeadersOnCopy, ); }; };
		C06134E41A71AA4E00D22D12 /* Realm.framework in Frameworks */ = {isa = PBXBuildFile; fileRef = 0295B8FE19D102880036D6C3 /* Realm.framework */; };
		C06134E51A71AA5600D22D12 /* Foundation.framework in Frameworks */ = {isa = PBXBuildFile; fileRef = E8AB71A919BA502500F3EDB4 /* Foundation.framework */; };
		C06134E61A71AA5A00D22D12 /* CoreGraphics.framework in Frameworks */ = {isa = PBXBuildFile; fileRef = E8AB71AB19BA502500F3EDB4 /* CoreGraphics.framework */; };
		C0658DBA1A76CBD8002F7A84 /* InterfaceController.m in Sources */ = {isa = PBXBuildFile; fileRef = C0658DB91A76CBD8002F7A84 /* InterfaceController.m */; };
		C0658DBC1A76CBD8002F7A84 /* Images.xcassets in Resources */ = {isa = PBXBuildFile; fileRef = C0658DBB1A76CBD8002F7A84 /* Images.xcassets */; };
		C0658DC01A76CBD8002F7A84 /* extension WatchKit App.app in Resources */ = {isa = PBXBuildFile; fileRef = C0658DBF1A76CBD8002F7A84 /* extension WatchKit App.app */; };
		C0658DC71A76CBD8002F7A84 /* Interface.storyboard in Resources */ = {isa = PBXBuildFile; fileRef = C0658DC61A76CBD8002F7A84 /* Interface.storyboard */; };
		C0658DC91A76CBD8002F7A84 /* Images.xcassets in Resources */ = {isa = PBXBuildFile; fileRef = C0658DC81A76CBD8002F7A84 /* Images.xcassets */; };
		C0658DCC1A76CBD8002F7A84 /* extension WatchKit Extension.appex in Embed App Extensions */ = {isa = PBXBuildFile; fileRef = C0658DB41A76CBD8002F7A84 /* extension WatchKit Extension.appex */; settings = {ATTRIBUTES = (RemoveHeadersOnCopy, ); }; };
		C0DBF4DD1A76D1330099BC95 /* Tick.m in Sources */ = {isa = PBXBuildFile; fileRef = C0DC41FB1A7072DE0067156A /* Tick.m */; };
		C0DBF4DE1A76D2B80099BC95 /* Realm.framework in Frameworks */ = {isa = PBXBuildFile; fileRef = 0295B8FE19D102880036D6C3 /* Realm.framework */; };
		C0DBF4DF1A76D2BA0099BC95 /* libc++.dylib in Frameworks */ = {isa = PBXBuildFile; fileRef = E8F70ED019BA52E8006F60D5 /* libc++.dylib */; };
		C0DC41D41A7072680067156A /* AppDelegate.m in Sources */ = {isa = PBXBuildFile; fileRef = C0DC41D31A7072670067156A /* AppDelegate.m */; };
		C0DC41F41A70729D0067156A /* CoreGraphics.framework in Frameworks */ = {isa = PBXBuildFile; fileRef = E8AB71AB19BA502500F3EDB4 /* CoreGraphics.framework */; };
		C0DC41F51A70729D0067156A /* Foundation.framework in Frameworks */ = {isa = PBXBuildFile; fileRef = E8AB71A919BA502500F3EDB4 /* Foundation.framework */; };
		C0DC41F61A70729D0067156A /* libc++.dylib in Frameworks */ = {isa = PBXBuildFile; fileRef = E8F70ED019BA52E8006F60D5 /* libc++.dylib */; };
		C0DC41F71A70729D0067156A /* Realm.framework in Frameworks */ = {isa = PBXBuildFile; fileRef = 0295B8FE19D102880036D6C3 /* Realm.framework */; };
		C0DC41F81A70729D0067156A /* UIKit.framework in Frameworks */ = {isa = PBXBuildFile; fileRef = E8AB71AD19BA502500F3EDB4 /* UIKit.framework */; };
		C0DC41FC1A7072DE0067156A /* Tick.m in Sources */ = {isa = PBXBuildFile; fileRef = C0DC41FB1A7072DE0067156A /* Tick.m */; };
		C0DC42011A7078130067156A /* main.m in Sources */ = {isa = PBXBuildFile; fileRef = C0DC41FD1A7073E40067156A /* main.m */; };
		C0DC42081A7079D00067156A /* NotificationCenter.framework in Frameworks */ = {isa = PBXBuildFile; fileRef = C0DC42071A7079D00067156A /* NotificationCenter.framework */; };
		C0DC420E1A7079D00067156A /* TodayViewController.m in Sources */ = {isa = PBXBuildFile; fileRef = C0DC420D1A7079D00067156A /* TodayViewController.m */; };
		C0DC42101A7079D00067156A /* MainInterface.storyboard in Resources */ = {isa = PBXBuildFile; fileRef = C0DC420F1A7079D00067156A /* MainInterface.storyboard */; };
		C0DC42181A707B960067156A /* Tick.m in Sources */ = {isa = PBXBuildFile; fileRef = C0DC41FB1A7072DE0067156A /* Tick.m */; };
		C0DC42191A707BF80067156A /* libc++.dylib in Frameworks */ = {isa = PBXBuildFile; fileRef = E8F70ED019BA52E8006F60D5 /* libc++.dylib */; };
		E879D9CE1A12AA120035E2EB /* libc++.dylib in Frameworks */ = {isa = PBXBuildFile; fileRef = E8F70ED019BA52E8006F60D5 /* libc++.dylib */; };
		E879D9CF1A12AA120035E2EB /* CoreGraphics.framework in Frameworks */ = {isa = PBXBuildFile; fileRef = E8AB71AB19BA502500F3EDB4 /* CoreGraphics.framework */; };
		E879D9D01A12AA120035E2EB /* UIKit.framework in Frameworks */ = {isa = PBXBuildFile; fileRef = E8AB71AD19BA502500F3EDB4 /* UIKit.framework */; };
		E879D9D11A12AA120035E2EB /* Foundation.framework in Frameworks */ = {isa = PBXBuildFile; fileRef = E8AB71A919BA502500F3EDB4 /* Foundation.framework */; };
		E879D9D21A12AA120035E2EB /* Realm.framework in Frameworks */ = {isa = PBXBuildFile; fileRef = 0295B8FE19D102880036D6C3 /* Realm.framework */; };
		E879D9E21A12AA400035E2EB /* AppDelegate.m in Sources */ = {isa = PBXBuildFile; fileRef = E879D9DC1A12AA400035E2EB /* AppDelegate.m */; };
		E879D9E31A12AA400035E2EB /* Images.xcassets in Resources */ = {isa = PBXBuildFile; fileRef = E879D9DD1A12AA400035E2EB /* Images.xcassets */; };
		E879D9E51A12AA400035E2EB /* main.m in Sources */ = {isa = PBXBuildFile; fileRef = E879D9DF1A12AA400035E2EB /* main.m */; };
		E879D9E61A12AA400035E2EB /* TableViewController.m in Sources */ = {isa = PBXBuildFile; fileRef = E879D9E11A12AA400035E2EB /* TableViewController.m */; };
		E8AB71DD19BA503500F3EDB4 /* Foundation.framework in Frameworks */ = {isa = PBXBuildFile; fileRef = E8AB71A919BA502500F3EDB4 /* Foundation.framework */; };
		E8AB71DE19BA503500F3EDB4 /* CoreGraphics.framework in Frameworks */ = {isa = PBXBuildFile; fileRef = E8AB71AB19BA502500F3EDB4 /* CoreGraphics.framework */; };
		E8AB71DF19BA503500F3EDB4 /* UIKit.framework in Frameworks */ = {isa = PBXBuildFile; fileRef = E8AB71AD19BA502500F3EDB4 /* UIKit.framework */; };
		E8AB720B19BA503B00F3EDB4 /* Foundation.framework in Frameworks */ = {isa = PBXBuildFile; fileRef = E8AB71A919BA502500F3EDB4 /* Foundation.framework */; };
		E8AB720C19BA503B00F3EDB4 /* CoreGraphics.framework in Frameworks */ = {isa = PBXBuildFile; fileRef = E8AB71AB19BA502500F3EDB4 /* CoreGraphics.framework */; };
		E8AB720D19BA503B00F3EDB4 /* UIKit.framework in Frameworks */ = {isa = PBXBuildFile; fileRef = E8AB71AD19BA502500F3EDB4 /* UIKit.framework */; };
		E8AB723919BA504000F3EDB4 /* Foundation.framework in Frameworks */ = {isa = PBXBuildFile; fileRef = E8AB71A919BA502500F3EDB4 /* Foundation.framework */; };
		E8AB723A19BA504000F3EDB4 /* CoreGraphics.framework in Frameworks */ = {isa = PBXBuildFile; fileRef = E8AB71AB19BA502500F3EDB4 /* CoreGraphics.framework */; };
		E8AB723B19BA504000F3EDB4 /* UIKit.framework in Frameworks */ = {isa = PBXBuildFile; fileRef = E8AB71AD19BA502500F3EDB4 /* UIKit.framework */; };
		E8AB726719BA504500F3EDB4 /* Foundation.framework in Frameworks */ = {isa = PBXBuildFile; fileRef = E8AB71A919BA502500F3EDB4 /* Foundation.framework */; };
		E8AB726819BA504500F3EDB4 /* CoreGraphics.framework in Frameworks */ = {isa = PBXBuildFile; fileRef = E8AB71AB19BA502500F3EDB4 /* CoreGraphics.framework */; };
		E8AB726919BA504500F3EDB4 /* UIKit.framework in Frameworks */ = {isa = PBXBuildFile; fileRef = E8AB71AD19BA502500F3EDB4 /* UIKit.framework */; };
		E8AB729519BA504900F3EDB4 /* Foundation.framework in Frameworks */ = {isa = PBXBuildFile; fileRef = E8AB71A919BA502500F3EDB4 /* Foundation.framework */; };
		E8AB729619BA504900F3EDB4 /* CoreGraphics.framework in Frameworks */ = {isa = PBXBuildFile; fileRef = E8AB71AB19BA502500F3EDB4 /* CoreGraphics.framework */; };
		E8AB729719BA504900F3EDB4 /* UIKit.framework in Frameworks */ = {isa = PBXBuildFile; fileRef = E8AB71AD19BA502500F3EDB4 /* UIKit.framework */; };
		E8BDBFCC1A116FCB00450CFF /* AppDelegate.m in Sources */ = {isa = PBXBuildFile; fileRef = E8BDBFC91A116FCB00450CFF /* AppDelegate.m */; };
		E8BDBFCE1A116FCB00450CFF /* main.m in Sources */ = {isa = PBXBuildFile; fileRef = E8BDBFCB1A116FCB00450CFF /* main.m */; };
		E8BDBFD11A1172B200450CFF /* Realm.framework in Frameworks */ = {isa = PBXBuildFile; fileRef = 0295B8FE19D102880036D6C3 /* Realm.framework */; };
		E8BDBFD21A1172B600450CFF /* libc++.dylib in Frameworks */ = {isa = PBXBuildFile; fileRef = E8F70ED019BA52E8006F60D5 /* libc++.dylib */; };
		E8BDBFD31A1172BC00450CFF /* CoreGraphics.framework in Frameworks */ = {isa = PBXBuildFile; fileRef = E8AB71AB19BA502500F3EDB4 /* CoreGraphics.framework */; };
		E8BDBFD41A1172BF00450CFF /* UIKit.framework in Frameworks */ = {isa = PBXBuildFile; fileRef = E8AB71AD19BA502500F3EDB4 /* UIKit.framework */; };
		E8BDBFD51A1172C300450CFF /* Foundation.framework in Frameworks */ = {isa = PBXBuildFile; fileRef = E8AB71A919BA502500F3EDB4 /* Foundation.framework */; };
		E8D5D6AA19BA53DF0053D333 /* libc++.dylib in Frameworks */ = {isa = PBXBuildFile; fileRef = E8F70ED019BA52E8006F60D5 /* libc++.dylib */; };
		E8F70E9319BA5083006F60D5 /* AppDelegate.m in Sources */ = {isa = PBXBuildFile; fileRef = E8F70E9019BA5083006F60D5 /* AppDelegate.m */; };
		E8F70E9419BA5083006F60D5 /* main.m in Sources */ = {isa = PBXBuildFile; fileRef = E8F70E9119BA5083006F60D5 /* main.m */; };
		E8F70E9E19BA508B006F60D5 /* AppDelegate.m in Sources */ = {isa = PBXBuildFile; fileRef = E8F70E9819BA508B006F60D5 /* AppDelegate.m */; };
		E8F70E9F19BA508B006F60D5 /* Images.xcassets in Resources */ = {isa = PBXBuildFile; fileRef = E8F70E9919BA508B006F60D5 /* Images.xcassets */; };
		E8F70EA019BA508B006F60D5 /* main.m in Sources */ = {isa = PBXBuildFile; fileRef = E8F70E9A19BA508B006F60D5 /* main.m */; };
		E8F70EA219BA508B006F60D5 /* TableViewController.m in Sources */ = {isa = PBXBuildFile; fileRef = E8F70E9D19BA508B006F60D5 /* TableViewController.m */; };
		E8F70EAA19BA5093006F60D5 /* AppDelegate.m in Sources */ = {isa = PBXBuildFile; fileRef = E8F70EA519BA5093006F60D5 /* AppDelegate.m */; };
		E8F70EAB19BA5093006F60D5 /* main.m in Sources */ = {isa = PBXBuildFile; fileRef = E8F70EA619BA5093006F60D5 /* main.m */; };
		E8F70EAD19BA5093006F60D5 /* Venue.m in Sources */ = {isa = PBXBuildFile; fileRef = E8F70EA919BA5093006F60D5 /* Venue.m */; };
		E8F70EB819BA50A3006F60D5 /* DataModels.m in Sources */ = {isa = PBXBuildFile; fileRef = E8F70EB019BA50A3006F60D5 /* DataModels.m */; };
		E8F70EB919BA50A3006F60D5 /* default-v0.realm in Resources */ = {isa = PBXBuildFile; fileRef = E8F70EB119BA50A3006F60D5 /* default-v0.realm */; };
		E8F70EBA19BA50A3006F60D5 /* default-v1.realm in Resources */ = {isa = PBXBuildFile; fileRef = E8F70EB219BA50A3006F60D5 /* default-v1.realm */; };
		E8F70EBB19BA50A3006F60D5 /* default-v2.realm in Resources */ = {isa = PBXBuildFile; fileRef = E8F70EB319BA50A3006F60D5 /* default-v2.realm */; };
		E8F70EBC19BA50A3006F60D5 /* main.m in Sources */ = {isa = PBXBuildFile; fileRef = E8F70EB419BA50A3006F60D5 /* main.m */; };
		E8F70EBE19BA50A3006F60D5 /* AppDelegate.m in Sources */ = {isa = PBXBuildFile; fileRef = E8F70EB719BA50A3006F60D5 /* AppDelegate.m */; };
		E8F70EC419BA50AB006F60D5 /* AppDelegate.m in Sources */ = {isa = PBXBuildFile; fileRef = E8F70EC119BA50AB006F60D5 /* AppDelegate.m */; };
		E8F70EC619BA50AB006F60D5 /* main.m in Sources */ = {isa = PBXBuildFile; fileRef = E8F70EC319BA50AB006F60D5 /* main.m */; };
		E8F70ED119BA52E8006F60D5 /* libc++.dylib in Frameworks */ = {isa = PBXBuildFile; fileRef = E8F70ED019BA52E8006F60D5 /* libc++.dylib */; };
		E8F70ED519BA530C006F60D5 /* libc++.dylib in Frameworks */ = {isa = PBXBuildFile; fileRef = E8F70ED019BA52E8006F60D5 /* libc++.dylib */; };
		E8F70ED919BA534E006F60D5 /* libc++.dylib in Frameworks */ = {isa = PBXBuildFile; fileRef = E8F70ED019BA52E8006F60D5 /* libc++.dylib */; };
		E8F70EDD19BA5380006F60D5 /* libc++.dylib in Frameworks */ = {isa = PBXBuildFile; fileRef = E8F70ED019BA52E8006F60D5 /* libc++.dylib */; };
/* End PBXBuildFile section */

/* Begin PBXContainerItemProxy section */
		C06134E01A718BB800D22D12 /* PBXContainerItemProxy */ = {
			isa = PBXContainerItemProxy;
			containerPortal = E8AB719E19BA502500F3EDB4 /* Project object */;
			proxyType = 1;
			remoteGlobalIDString = C0DC42051A7079D00067156A;
			remoteInfo = TodayExtension;
		};
		C0658DC11A76CBD8002F7A84 /* PBXContainerItemProxy */ = {
			isa = PBXContainerItemProxy;
			containerPortal = E8AB719E19BA502500F3EDB4 /* Project object */;
			proxyType = 1;
			remoteGlobalIDString = C0658DBE1A76CBD8002F7A84;
			remoteInfo = "extension WatchKit App";
		};
		C0658DCA1A76CBD8002F7A84 /* PBXContainerItemProxy */ = {
			isa = PBXContainerItemProxy;
			containerPortal = E8AB719E19BA502500F3EDB4 /* Project object */;
			proxyType = 1;
			remoteGlobalIDString = C0658DB31A76CBD8002F7A84;
			remoteInfo = "extension WatchKit Extension";
		};
/* End PBXContainerItemProxy section */

/* Begin PBXCopyFilesBuildPhase section */
		C06134E21A718BB800D22D12 /* Embed App Extensions */ = {
			isa = PBXCopyFilesBuildPhase;
			buildActionMask = 2147483647;
			dstPath = "";
			dstSubfolderSpec = 13;
			files = (
				C0658DCC1A76CBD8002F7A84 /* extension WatchKit Extension.appex in Embed App Extensions */,
				C06134DF1A718BB800D22D12 /* TodayExtension.appex in Embed App Extensions */,
			);
			name = "Embed App Extensions";
			runOnlyForDeploymentPostprocessing = 0;
		};
/* End PBXCopyFilesBuildPhase section */

/* Begin PBXFileReference section */
		0295B8FE19D102880036D6C3 /* Realm.framework */ = {isa = PBXFileReference; lastKnownFileType = wrapper.framework; name = Realm.framework; path = Realm.framework; sourceTree = BUILT_PRODUCTS_DIR; };
		0A73D4401B1442B200E1E8EE /* README.md */ = {isa = PBXFileReference; lastKnownFileType = net.daringfireball.markdown; name = README.md; path = ../../README.md; sourceTree = SOURCE_ROOT; };
		3F78C9AB1B431CDF00A0988E /* AppDelegate.h */ = {isa = PBXFileReference; fileEncoding = 4; lastKnownFileType = sourcecode.c.h; name = AppDelegate.h; path = RACTableView/AppDelegate.h; sourceTree = "<group>"; };
		3F78C9AC1B431CDF00A0988E /* TableViewController.h */ = {isa = PBXFileReference; fileEncoding = 4; lastKnownFileType = sourcecode.c.h; name = TableViewController.h; path = RACTableView/TableViewController.h; sourceTree = "<group>"; };
		3F78C9AD1B431CDF00A0988E /* Images.xcassets */ = {isa = PBXFileReference; lastKnownFileType = folder.assetcatalog; name = Images.xcassets; path = RACTableView/Images.xcassets; sourceTree = "<group>"; };
		3F78C9AE1B431CDF00A0988E /* AppDelegate.m */ = {isa = PBXFileReference; fileEncoding = 4; lastKnownFileType = sourcecode.c.objc; name = AppDelegate.m; path = RACTableView/AppDelegate.m; sourceTree = "<group>"; };
		3F78C9AF1B431CDF00A0988E /* main.m */ = {isa = PBXFileReference; fileEncoding = 4; lastKnownFileType = sourcecode.c.objc; name = main.m; path = RACTableView/main.m; sourceTree = "<group>"; };
		3F78C9B01B431CDF00A0988E /* TableViewController.m */ = {isa = PBXFileReference; fileEncoding = 4; lastKnownFileType = sourcecode.c.objc; name = TableViewController.m; path = RACTableView/TableViewController.m; sourceTree = "<group>"; };
		3F78C9B11B431CDF00A0988E /* Info.plist */ = {isa = PBXFileReference; fileEncoding = 4; lastKnownFileType = text.plist.xml; name = Info.plist; path = RACTableView/Info.plist; sourceTree = "<group>"; };
		3F78C9C71B431CF300A0988E /* RACTableView.app */ = {isa = PBXFileReference; explicitFileType = wrapper.application; includeInIndex = 0; path = RACTableView.app; sourceTree = BUILT_PRODUCTS_DIR; };
		3FC898FB1A140F550067CBEC /* LabelViewController.h */ = {isa = PBXFileReference; fileEncoding = 4; lastKnownFileType = sourcecode.c.h; path = LabelViewController.h; sourceTree = "<group>"; };
		3FC898FC1A140F550067CBEC /* LabelViewController.m */ = {isa = PBXFileReference; fileEncoding = 4; lastKnownFileType = sourcecode.c.objc; path = LabelViewController.m; sourceTree = "<group>"; };
		A09DC4EDBB24E8E1D139F2D9 /* Pods-RACTableView.release.xcconfig */ = {isa = PBXFileReference; includeInIndex = 1; lastKnownFileType = text.xcconfig; name = "Pods-RACTableView.release.xcconfig"; path = "Pods/Target Support Files/Pods-RACTableView/Pods-RACTableView.release.xcconfig"; sourceTree = "<group>"; };
		A6095331EBF052A74372F887 /* libPods-RACTableView.a */ = {isa = PBXFileReference; explicitFileType = archive.ar; includeInIndex = 0; path = "libPods-RACTableView.a"; sourceTree = BUILT_PRODUCTS_DIR; };
		BD5E18798F030DC45369A649 /* Pods-RACTableView.debug.xcconfig */ = {isa = PBXFileReference; includeInIndex = 1; lastKnownFileType = text.xcconfig; name = "Pods-RACTableView.debug.xcconfig"; path = "Pods/Target Support Files/Pods-RACTableView/Pods-RACTableView.debug.xcconfig"; sourceTree = "<group>"; };
		C0658DB41A76CBD8002F7A84 /* extension WatchKit Extension.appex */ = {isa = PBXFileReference; explicitFileType = "wrapper.app-extension"; includeInIndex = 0; path = "extension WatchKit Extension.appex"; sourceTree = BUILT_PRODUCTS_DIR; };
		C0658DB71A76CBD8002F7A84 /* Info.plist */ = {isa = PBXFileReference; lastKnownFileType = text.plist.xml; path = Info.plist; sourceTree = "<group>"; };
		C0658DB81A76CBD8002F7A84 /* InterfaceController.h */ = {isa = PBXFileReference; lastKnownFileType = sourcecode.c.h; path = InterfaceController.h; sourceTree = "<group>"; };
		C0658DB91A76CBD8002F7A84 /* InterfaceController.m */ = {isa = PBXFileReference; lastKnownFileType = sourcecode.c.objc; path = InterfaceController.m; sourceTree = "<group>"; };
		C0658DBB1A76CBD8002F7A84 /* Images.xcassets */ = {isa = PBXFileReference; lastKnownFileType = folder.assetcatalog; path = Images.xcassets; sourceTree = "<group>"; };
		C0658DBF1A76CBD8002F7A84 /* extension WatchKit App.app */ = {isa = PBXFileReference; explicitFileType = wrapper.application; includeInIndex = 0; path = "extension WatchKit App.app"; sourceTree = BUILT_PRODUCTS_DIR; };
		C0658DC51A76CBD8002F7A84 /* Info.plist */ = {isa = PBXFileReference; lastKnownFileType = text.plist.xml; path = Info.plist; sourceTree = "<group>"; };
		C0658DC61A76CBD8002F7A84 /* Interface.storyboard */ = {isa = PBXFileReference; lastKnownFileType = file.storyboard; path = Interface.storyboard; sourceTree = "<group>"; };
		C0658DC81A76CBD8002F7A84 /* Images.xcassets */ = {isa = PBXFileReference; lastKnownFileType = folder.assetcatalog; path = Images.xcassets; sourceTree = "<group>"; };
		C0DBF4E01A76D2F20099BC95 /* extension WatchKit Extension.entitlements */ = {isa = PBXFileReference; lastKnownFileType = text.xml; path = "extension WatchKit Extension.entitlements"; sourceTree = "<group>"; };
		C0DC41CC1A7072670067156A /* extension.app */ = {isa = PBXFileReference; explicitFileType = wrapper.application; includeInIndex = 0; path = extension.app; sourceTree = BUILT_PRODUCTS_DIR; };
		C0DC41D21A7072670067156A /* AppDelegate.h */ = {isa = PBXFileReference; lastKnownFileType = sourcecode.c.h; path = AppDelegate.h; sourceTree = "<group>"; };
		C0DC41D31A7072670067156A /* AppDelegate.m */ = {isa = PBXFileReference; lastKnownFileType = sourcecode.c.objc; path = AppDelegate.m; sourceTree = "<group>"; };
		C0DC41FA1A7072DE0067156A /* Tick.h */ = {isa = PBXFileReference; fileEncoding = 4; lastKnownFileType = sourcecode.c.h; path = Tick.h; sourceTree = "<group>"; };
		C0DC41FB1A7072DE0067156A /* Tick.m */ = {isa = PBXFileReference; fileEncoding = 4; lastKnownFileType = sourcecode.c.objc; path = Tick.m; sourceTree = "<group>"; };
		C0DC41FD1A7073E40067156A /* main.m */ = {isa = PBXFileReference; fileEncoding = 4; lastKnownFileType = sourcecode.c.objc; path = main.m; sourceTree = "<group>"; };
		C0DC41FF1A70775F0067156A /* Info.plist */ = {isa = PBXFileReference; fileEncoding = 4; lastKnownFileType = text.plist.xml; path = Info.plist; sourceTree = "<group>"; };
		C0DC42061A7079D00067156A /* TodayExtension.appex */ = {isa = PBXFileReference; explicitFileType = "wrapper.app-extension"; includeInIndex = 0; path = TodayExtension.appex; sourceTree = BUILT_PRODUCTS_DIR; };
		C0DC42071A7079D00067156A /* NotificationCenter.framework */ = {isa = PBXFileReference; lastKnownFileType = wrapper.framework; name = NotificationCenter.framework; path = System/Library/Frameworks/NotificationCenter.framework; sourceTree = SDKROOT; };
		C0DC420B1A7079D00067156A /* Info.plist */ = {isa = PBXFileReference; lastKnownFileType = text.plist.xml; path = Info.plist; sourceTree = "<group>"; };
		C0DC420C1A7079D00067156A /* TodayViewController.h */ = {isa = PBXFileReference; lastKnownFileType = sourcecode.c.h; path = TodayViewController.h; sourceTree = "<group>"; };
		C0DC420D1A7079D00067156A /* TodayViewController.m */ = {isa = PBXFileReference; lastKnownFileType = sourcecode.c.objc; path = TodayViewController.m; sourceTree = "<group>"; };
		C0DC420F1A7079D00067156A /* MainInterface.storyboard */ = {isa = PBXFileReference; lastKnownFileType = file.storyboard; path = MainInterface.storyboard; sourceTree = "<group>"; };
		C0DC421B1A717B660067156A /* TodayExtension.entitlements */ = {isa = PBXFileReference; lastKnownFileType = text.xml; path = TodayExtension.entitlements; sourceTree = "<group>"; };
		C0DC421C1A717BD00067156A /* Extension.entitlements */ = {isa = PBXFileReference; lastKnownFileType = text.xml; path = Extension.entitlements; sourceTree = "<group>"; };
		E879D9D81A12AA120035E2EB /* GroupedTableView.app */ = {isa = PBXFileReference; explicitFileType = wrapper.application; includeInIndex = 0; path = GroupedTableView.app; sourceTree = BUILT_PRODUCTS_DIR; };
		E879D9DB1A12AA400035E2EB /* AppDelegate.h */ = {isa = PBXFileReference; fileEncoding = 4; lastKnownFileType = sourcecode.c.h; path = AppDelegate.h; sourceTree = "<group>"; };
		E879D9DC1A12AA400035E2EB /* AppDelegate.m */ = {isa = PBXFileReference; fileEncoding = 4; lastKnownFileType = sourcecode.c.objc; path = AppDelegate.m; sourceTree = "<group>"; };
		E879D9DD1A12AA400035E2EB /* Images.xcassets */ = {isa = PBXFileReference; lastKnownFileType = folder.assetcatalog; path = Images.xcassets; sourceTree = "<group>"; };
		E879D9DE1A12AA400035E2EB /* Info.plist */ = {isa = PBXFileReference; fileEncoding = 4; lastKnownFileType = text.plist.xml; path = Info.plist; sourceTree = "<group>"; };
		E879D9DF1A12AA400035E2EB /* main.m */ = {isa = PBXFileReference; fileEncoding = 4; lastKnownFileType = sourcecode.c.objc; path = main.m; sourceTree = "<group>"; };
		E879D9E01A12AA400035E2EB /* TableViewController.h */ = {isa = PBXFileReference; fileEncoding = 4; lastKnownFileType = sourcecode.c.h; path = TableViewController.h; sourceTree = "<group>"; };
		E879D9E11A12AA400035E2EB /* TableViewController.m */ = {isa = PBXFileReference; fileEncoding = 4; lastKnownFileType = sourcecode.c.objc; path = TableViewController.m; sourceTree = "<group>"; };
		E8AB71A919BA502500F3EDB4 /* Foundation.framework */ = {isa = PBXFileReference; lastKnownFileType = wrapper.framework; name = Foundation.framework; path = System/Library/Frameworks/Foundation.framework; sourceTree = SDKROOT; };
		E8AB71AB19BA502500F3EDB4 /* CoreGraphics.framework */ = {isa = PBXFileReference; lastKnownFileType = wrapper.framework; name = CoreGraphics.framework; path = System/Library/Frameworks/CoreGraphics.framework; sourceTree = SDKROOT; };
		E8AB71AD19BA502500F3EDB4 /* UIKit.framework */ = {isa = PBXFileReference; lastKnownFileType = wrapper.framework; name = UIKit.framework; path = System/Library/Frameworks/UIKit.framework; sourceTree = SDKROOT; };
		E8AB71C219BA502500F3EDB4 /* XCTest.framework */ = {isa = PBXFileReference; lastKnownFileType = wrapper.framework; name = XCTest.framework; path = Library/Frameworks/XCTest.framework; sourceTree = DEVELOPER_DIR; };
		E8AB71DC19BA503500F3EDB4 /* Simple.app */ = {isa = PBXFileReference; explicitFileType = wrapper.application; includeInIndex = 0; path = Simple.app; sourceTree = BUILT_PRODUCTS_DIR; };
		E8AB720A19BA503B00F3EDB4 /* Migration.app */ = {isa = PBXFileReference; explicitFileType = wrapper.application; includeInIndex = 0; path = Migration.app; sourceTree = BUILT_PRODUCTS_DIR; };
		E8AB723819BA504000F3EDB4 /* Encryption.app */ = {isa = PBXFileReference; explicitFileType = wrapper.application; includeInIndex = 0; path = Encryption.app; sourceTree = BUILT_PRODUCTS_DIR; };
		E8AB726619BA504500F3EDB4 /* TableView.app */ = {isa = PBXFileReference; explicitFileType = wrapper.application; includeInIndex = 0; path = TableView.app; sourceTree = BUILT_PRODUCTS_DIR; };
		E8AB729419BA504900F3EDB4 /* REST.app */ = {isa = PBXFileReference; explicitFileType = wrapper.application; includeInIndex = 0; path = REST.app; sourceTree = BUILT_PRODUCTS_DIR; };
		E8BDBFA11A116FAC00450CFF /* Backlink.app */ = {isa = PBXFileReference; explicitFileType = wrapper.application; includeInIndex = 0; path = Backlink.app; sourceTree = BUILT_PRODUCTS_DIR; };
		E8BDBFC81A116FCB00450CFF /* AppDelegate.h */ = {isa = PBXFileReference; fileEncoding = 4; lastKnownFileType = sourcecode.c.h; path = AppDelegate.h; sourceTree = "<group>"; };
		E8BDBFC91A116FCB00450CFF /* AppDelegate.m */ = {isa = PBXFileReference; fileEncoding = 4; lastKnownFileType = sourcecode.c.objc; path = AppDelegate.m; sourceTree = "<group>"; };
		E8BDBFCA1A116FCB00450CFF /* Backlink-Info.plist */ = {isa = PBXFileReference; fileEncoding = 4; lastKnownFileType = text.plist.xml; path = "Backlink-Info.plist"; sourceTree = "<group>"; };
		E8BDBFCB1A116FCB00450CFF /* main.m */ = {isa = PBXFileReference; fileEncoding = 4; lastKnownFileType = sourcecode.c.objc; path = main.m; sourceTree = "<group>"; };
		E8F70E8F19BA5083006F60D5 /* AppDelegate.h */ = {isa = PBXFileReference; fileEncoding = 4; lastKnownFileType = sourcecode.c.h; path = AppDelegate.h; sourceTree = "<group>"; };
		E8F70E9019BA5083006F60D5 /* AppDelegate.m */ = {isa = PBXFileReference; fileEncoding = 4; lastKnownFileType = sourcecode.c.objc; path = AppDelegate.m; sourceTree = "<group>"; };
		E8F70E9119BA5083006F60D5 /* main.m */ = {isa = PBXFileReference; fileEncoding = 4; lastKnownFileType = sourcecode.c.objc; path = main.m; sourceTree = "<group>"; };
		E8F70E9219BA5083006F60D5 /* Simple-Info.plist */ = {isa = PBXFileReference; fileEncoding = 4; lastKnownFileType = text.plist.xml; path = "Simple-Info.plist"; sourceTree = "<group>"; };
		E8F70E9719BA508B006F60D5 /* AppDelegate.h */ = {isa = PBXFileReference; fileEncoding = 4; lastKnownFileType = sourcecode.c.h; path = AppDelegate.h; sourceTree = "<group>"; };
		E8F70E9819BA508B006F60D5 /* AppDelegate.m */ = {isa = PBXFileReference; fileEncoding = 4; lastKnownFileType = sourcecode.c.objc; path = AppDelegate.m; sourceTree = "<group>"; };
		E8F70E9919BA508B006F60D5 /* Images.xcassets */ = {isa = PBXFileReference; lastKnownFileType = folder.assetcatalog; path = Images.xcassets; sourceTree = "<group>"; };
		E8F70E9A19BA508B006F60D5 /* main.m */ = {isa = PBXFileReference; fileEncoding = 4; lastKnownFileType = sourcecode.c.objc; path = main.m; sourceTree = "<group>"; };
		E8F70E9B19BA508B006F60D5 /* TableView-Info.plist */ = {isa = PBXFileReference; fileEncoding = 4; lastKnownFileType = text.plist.xml; path = "TableView-Info.plist"; sourceTree = "<group>"; };
		E8F70E9C19BA508B006F60D5 /* TableViewController.h */ = {isa = PBXFileReference; fileEncoding = 4; lastKnownFileType = sourcecode.c.h; path = TableViewController.h; sourceTree = "<group>"; };
		E8F70E9D19BA508B006F60D5 /* TableViewController.m */ = {isa = PBXFileReference; fileEncoding = 4; lastKnownFileType = sourcecode.c.objc; path = TableViewController.m; sourceTree = "<group>"; };
		E8F70EA419BA5093006F60D5 /* AppDelegate.h */ = {isa = PBXFileReference; fileEncoding = 4; lastKnownFileType = sourcecode.c.h; path = AppDelegate.h; sourceTree = "<group>"; };
		E8F70EA519BA5093006F60D5 /* AppDelegate.m */ = {isa = PBXFileReference; fileEncoding = 4; lastKnownFileType = sourcecode.c.objc; path = AppDelegate.m; sourceTree = "<group>"; };
		E8F70EA619BA5093006F60D5 /* main.m */ = {isa = PBXFileReference; fileEncoding = 4; lastKnownFileType = sourcecode.c.objc; path = main.m; sourceTree = "<group>"; };
		E8F70EA719BA5093006F60D5 /* REST-Info.plist */ = {isa = PBXFileReference; fileEncoding = 4; lastKnownFileType = text.plist.xml; path = "REST-Info.plist"; sourceTree = "<group>"; };
		E8F70EA819BA5093006F60D5 /* Venue.h */ = {isa = PBXFileReference; fileEncoding = 4; lastKnownFileType = sourcecode.c.h; path = Venue.h; sourceTree = "<group>"; };
		E8F70EA919BA5093006F60D5 /* Venue.m */ = {isa = PBXFileReference; fileEncoding = 4; lastKnownFileType = sourcecode.c.objc; path = Venue.m; sourceTree = "<group>"; };
		E8F70EAF19BA50A3006F60D5 /* DataModels.h */ = {isa = PBXFileReference; fileEncoding = 4; lastKnownFileType = sourcecode.c.h; path = DataModels.h; sourceTree = "<group>"; };
		E8F70EB019BA50A3006F60D5 /* DataModels.m */ = {isa = PBXFileReference; fileEncoding = 4; lastKnownFileType = sourcecode.c.objc; path = DataModels.m; sourceTree = "<group>"; };
		E8F70EB119BA50A3006F60D5 /* default-v0.realm */ = {isa = PBXFileReference; lastKnownFileType = file; path = "default-v0.realm"; sourceTree = "<group>"; };
		E8F70EB219BA50A3006F60D5 /* default-v1.realm */ = {isa = PBXFileReference; lastKnownFileType = file; path = "default-v1.realm"; sourceTree = "<group>"; };
		E8F70EB319BA50A3006F60D5 /* default-v2.realm */ = {isa = PBXFileReference; lastKnownFileType = file; path = "default-v2.realm"; sourceTree = "<group>"; };
		E8F70EB419BA50A3006F60D5 /* main.m */ = {isa = PBXFileReference; fileEncoding = 4; lastKnownFileType = sourcecode.c.objc; path = main.m; sourceTree = "<group>"; };
		E8F70EB519BA50A3006F60D5 /* Migration-Info.plist */ = {isa = PBXFileReference; fileEncoding = 4; lastKnownFileType = text.plist.xml; path = "Migration-Info.plist"; sourceTree = "<group>"; };
		E8F70EB619BA50A3006F60D5 /* AppDelegate.h */ = {isa = PBXFileReference; fileEncoding = 4; lastKnownFileType = sourcecode.c.h; path = AppDelegate.h; sourceTree = "<group>"; };
		E8F70EB719BA50A3006F60D5 /* AppDelegate.m */ = {isa = PBXFileReference; fileEncoding = 4; lastKnownFileType = sourcecode.c.objc; path = AppDelegate.m; sourceTree = "<group>"; };
		E8F70EC019BA50AB006F60D5 /* AppDelegate.h */ = {isa = PBXFileReference; fileEncoding = 4; lastKnownFileType = sourcecode.c.h; path = AppDelegate.h; sourceTree = "<group>"; };
		E8F70EC119BA50AB006F60D5 /* AppDelegate.m */ = {isa = PBXFileReference; fileEncoding = 4; lastKnownFileType = sourcecode.c.objc; path = AppDelegate.m; sourceTree = "<group>"; };
		E8F70EC219BA50AB006F60D5 /* Encryption-Info.plist */ = {isa = PBXFileReference; fileEncoding = 4; lastKnownFileType = text.plist.xml; path = "Encryption-Info.plist"; sourceTree = "<group>"; };
		E8F70EC319BA50AB006F60D5 /* main.m */ = {isa = PBXFileReference; fileEncoding = 4; lastKnownFileType = sourcecode.c.objc; path = main.m; sourceTree = "<group>"; };
		E8F70ED019BA52E8006F60D5 /* libc++.dylib */ = {isa = PBXFileReference; lastKnownFileType = "compiled.mach-o.dylib"; name = "libc++.dylib"; path = "usr/lib/libc++.dylib"; sourceTree = SDKROOT; };
/* End PBXFileReference section */

/* Begin PBXFrameworksBuildPhase section */
		3F78C9BC1B431CF300A0988E /* Frameworks */ = {
			isa = PBXFrameworksBuildPhase;
			buildActionMask = 2147483647;
			files = (
				3F78C9BD1B431CF300A0988E /* CoreGraphics.framework in Frameworks */,
				3F78C9BE1B431CF300A0988E /* Foundation.framework in Frameworks */,
				3F78C9BF1B431CF300A0988E /* libc++.dylib in Frameworks */,
				41D186AC1C6E8BA883A87D87 /* libPods-RACTableView.a in Frameworks */,
				3F78C9C01B431CF300A0988E /* Realm.framework in Frameworks */,
				3F78C9C11B431CF300A0988E /* UIKit.framework in Frameworks */,
			);
			runOnlyForDeploymentPostprocessing = 0;
		};
		C0658DB11A76CBD8002F7A84 /* Frameworks */ = {
			isa = PBXFrameworksBuildPhase;
			buildActionMask = 2147483647;
			files = (
				C0DBF4DF1A76D2BA0099BC95 /* libc++.dylib in Frameworks */,
				C0DBF4DE1A76D2B80099BC95 /* Realm.framework in Frameworks */,
			);
			runOnlyForDeploymentPostprocessing = 0;
		};
		C0DC41C91A7072670067156A /* Frameworks */ = {
			isa = PBXFrameworksBuildPhase;
			buildActionMask = 2147483647;
			files = (
				C0DC41F41A70729D0067156A /* CoreGraphics.framework in Frameworks */,
				C0DC41F51A70729D0067156A /* Foundation.framework in Frameworks */,
				C0DC41F61A70729D0067156A /* libc++.dylib in Frameworks */,
				C0DC41F71A70729D0067156A /* Realm.framework in Frameworks */,
				C0DC41F81A70729D0067156A /* UIKit.framework in Frameworks */,
			);
			runOnlyForDeploymentPostprocessing = 0;
		};
		C0DC42031A7079D00067156A /* Frameworks */ = {
			isa = PBXFrameworksBuildPhase;
			buildActionMask = 2147483647;
			files = (
				C06134E61A71AA5A00D22D12 /* CoreGraphics.framework in Frameworks */,
				C06134E51A71AA5600D22D12 /* Foundation.framework in Frameworks */,
				C0DC42191A707BF80067156A /* libc++.dylib in Frameworks */,
				C0DC42081A7079D00067156A /* NotificationCenter.framework in Frameworks */,
				C06134E41A71AA4E00D22D12 /* Realm.framework in Frameworks */,
			);
			runOnlyForDeploymentPostprocessing = 0;
		};
		E879D9CD1A12AA120035E2EB /* Frameworks */ = {
			isa = PBXFrameworksBuildPhase;
			buildActionMask = 2147483647;
			files = (
				E879D9CF1A12AA120035E2EB /* CoreGraphics.framework in Frameworks */,
				E879D9D11A12AA120035E2EB /* Foundation.framework in Frameworks */,
				E879D9CE1A12AA120035E2EB /* libc++.dylib in Frameworks */,
				E879D9D21A12AA120035E2EB /* Realm.framework in Frameworks */,
				E879D9D01A12AA120035E2EB /* UIKit.framework in Frameworks */,
			);
			runOnlyForDeploymentPostprocessing = 0;
		};
		E8AB71D919BA503500F3EDB4 /* Frameworks */ = {
			isa = PBXFrameworksBuildPhase;
			buildActionMask = 2147483647;
			files = (
				E8AB71DE19BA503500F3EDB4 /* CoreGraphics.framework in Frameworks */,
				E8AB71DD19BA503500F3EDB4 /* Foundation.framework in Frameworks */,
				E8F70ED119BA52E8006F60D5 /* libc++.dylib in Frameworks */,
				0295B8FF19D102880036D6C3 /* Realm.framework in Frameworks */,
				E8AB71DF19BA503500F3EDB4 /* UIKit.framework in Frameworks */,
			);
			runOnlyForDeploymentPostprocessing = 0;
		};
		E8AB720719BA503B00F3EDB4 /* Frameworks */ = {
			isa = PBXFrameworksBuildPhase;
			buildActionMask = 2147483647;
			files = (
				E8AB720C19BA503B00F3EDB4 /* CoreGraphics.framework in Frameworks */,
				E8AB720B19BA503B00F3EDB4 /* Foundation.framework in Frameworks */,
				E8F70ED519BA530C006F60D5 /* libc++.dylib in Frameworks */,
				0295B90019D102880036D6C3 /* Realm.framework in Frameworks */,
				E8AB720D19BA503B00F3EDB4 /* UIKit.framework in Frameworks */,
			);
			runOnlyForDeploymentPostprocessing = 0;
		};
		E8AB723519BA504000F3EDB4 /* Frameworks */ = {
			isa = PBXFrameworksBuildPhase;
			buildActionMask = 2147483647;
			files = (
				E8AB723A19BA504000F3EDB4 /* CoreGraphics.framework in Frameworks */,
				E8AB723919BA504000F3EDB4 /* Foundation.framework in Frameworks */,
				E8F70ED919BA534E006F60D5 /* libc++.dylib in Frameworks */,
				0295B90119D102880036D6C3 /* Realm.framework in Frameworks */,
				E8AB723B19BA504000F3EDB4 /* UIKit.framework in Frameworks */,
			);
			runOnlyForDeploymentPostprocessing = 0;
		};
		E8AB726319BA504500F3EDB4 /* Frameworks */ = {
			isa = PBXFrameworksBuildPhase;
			buildActionMask = 2147483647;
			files = (
				E8AB726819BA504500F3EDB4 /* CoreGraphics.framework in Frameworks */,
				E8AB726719BA504500F3EDB4 /* Foundation.framework in Frameworks */,
				E8F70EDD19BA5380006F60D5 /* libc++.dylib in Frameworks */,
				0295B90219D102880036D6C3 /* Realm.framework in Frameworks */,
				E8AB726919BA504500F3EDB4 /* UIKit.framework in Frameworks */,
			);
			runOnlyForDeploymentPostprocessing = 0;
		};
		E8AB729119BA504900F3EDB4 /* Frameworks */ = {
			isa = PBXFrameworksBuildPhase;
			buildActionMask = 2147483647;
			files = (
				E8AB729619BA504900F3EDB4 /* CoreGraphics.framework in Frameworks */,
				E8AB729519BA504900F3EDB4 /* Foundation.framework in Frameworks */,
				E8D5D6AA19BA53DF0053D333 /* libc++.dylib in Frameworks */,
				0295B90319D102880036D6C3 /* Realm.framework in Frameworks */,
				E8AB729719BA504900F3EDB4 /* UIKit.framework in Frameworks */,
			);
			runOnlyForDeploymentPostprocessing = 0;
		};
		E8BDBF9E1A116FAC00450CFF /* Frameworks */ = {
			isa = PBXFrameworksBuildPhase;
			buildActionMask = 2147483647;
			files = (
				E8BDBFD31A1172BC00450CFF /* CoreGraphics.framework in Frameworks */,
				E8BDBFD51A1172C300450CFF /* Foundation.framework in Frameworks */,
				E8BDBFD21A1172B600450CFF /* libc++.dylib in Frameworks */,
				E8BDBFD11A1172B200450CFF /* Realm.framework in Frameworks */,
				E8BDBFD41A1172BF00450CFF /* UIKit.framework in Frameworks */,
			);
			runOnlyForDeploymentPostprocessing = 0;
		};
/* End PBXFrameworksBuildPhase section */

/* Begin PBXGroup section */
		3F78C9AA1B431CB200A0988E /* RACTableView */ = {
			isa = PBXGroup;
			children = (
				3F78C9AB1B431CDF00A0988E /* AppDelegate.h */,
				3F78C9AE1B431CDF00A0988E /* AppDelegate.m */,
				3F78C9AD1B431CDF00A0988E /* Images.xcassets */,
				3F78C9B11B431CDF00A0988E /* Info.plist */,
				3F78C9AF1B431CDF00A0988E /* main.m */,
				3F78C9AC1B431CDF00A0988E /* TableViewController.h */,
				3F78C9B01B431CDF00A0988E /* TableViewController.m */,
			);
			name = RACTableView;
			sourceTree = "<group>";
		};
		47280049B9F241AC6D6968C6 /* Pods */ = {
			isa = PBXGroup;
			children = (
				BD5E18798F030DC45369A649 /* Pods-RACTableView.debug.xcconfig */,
				A09DC4EDBB24E8E1D139F2D9 /* Pods-RACTableView.release.xcconfig */,
			);
			name = Pods;
			sourceTree = "<group>";
		};
		C0658DB51A76CBD8002F7A84 /* extension WatchKit Extension */ = {
			isa = PBXGroup;
			children = (
				C0658DB61A76CBD8002F7A84 /* Supporting Files */,
				C0DBF4E01A76D2F20099BC95 /* extension WatchKit Extension.entitlements */,
				C0658DBB1A76CBD8002F7A84 /* Images.xcassets */,
				C0658DB81A76CBD8002F7A84 /* InterfaceController.h */,
				C0658DB91A76CBD8002F7A84 /* InterfaceController.m */,
			);
			path = "extension WatchKit Extension";
			sourceTree = "<group>";
		};
		C0658DB61A76CBD8002F7A84 /* Supporting Files */ = {
			isa = PBXGroup;
			children = (
				C0658DB71A76CBD8002F7A84 /* Info.plist */,
			);
			name = "Supporting Files";
			sourceTree = "<group>";
		};
		C0658DC31A76CBD8002F7A84 /* extension WatchKit App */ = {
			isa = PBXGroup;
			children = (
				C0658DC41A76CBD8002F7A84 /* Supporting Files */,
				C0658DC81A76CBD8002F7A84 /* Images.xcassets */,
				C0658DC61A76CBD8002F7A84 /* Interface.storyboard */,
			);
			path = "extension WatchKit App";
			sourceTree = "<group>";
		};
		C0658DC41A76CBD8002F7A84 /* Supporting Files */ = {
			isa = PBXGroup;
			children = (
				C0658DC51A76CBD8002F7A84 /* Info.plist */,
			);
			name = "Supporting Files";
			sourceTree = "<group>";
		};
		C0DC41CD1A7072670067156A /* Extension */ = {
			isa = PBXGroup;
			children = (
				C0DC41D21A7072670067156A /* AppDelegate.h */,
				C0DC41D31A7072670067156A /* AppDelegate.m */,
				C0DC421C1A717BD00067156A /* Extension.entitlements */,
				C0DC41FF1A70775F0067156A /* Info.plist */,
				C0DC41FD1A7073E40067156A /* main.m */,
				C0DC41FA1A7072DE0067156A /* Tick.h */,
				C0DC41FB1A7072DE0067156A /* Tick.m */,
			);
			path = Extension;
			sourceTree = "<group>";
		};
		C0DC42091A7079D00067156A /* TodayExtension */ = {
			isa = PBXGroup;
			children = (
				C0DC420A1A7079D00067156A /* Supporting Files */,
				C0DC420F1A7079D00067156A /* MainInterface.storyboard */,
				C0DC421B1A717B660067156A /* TodayExtension.entitlements */,
				C0DC420C1A7079D00067156A /* TodayViewController.h */,
				C0DC420D1A7079D00067156A /* TodayViewController.m */,
			);
			path = TodayExtension;
			sourceTree = "<group>";
		};
		C0DC420A1A7079D00067156A /* Supporting Files */ = {
			isa = PBXGroup;
			children = (
				C0DC420B1A7079D00067156A /* Info.plist */,
			);
			name = "Supporting Files";
			sourceTree = "<group>";
		};
		E879D9DA1A12AA400035E2EB /* GroupedTableView */ = {
			isa = PBXGroup;
			children = (
				E879D9DB1A12AA400035E2EB /* AppDelegate.h */,
				E879D9DC1A12AA400035E2EB /* AppDelegate.m */,
				E879D9DD1A12AA400035E2EB /* Images.xcassets */,
				E879D9DE1A12AA400035E2EB /* Info.plist */,
				E879D9DF1A12AA400035E2EB /* main.m */,
				E879D9E01A12AA400035E2EB /* TableViewController.h */,
				E879D9E11A12AA400035E2EB /* TableViewController.m */,
			);
			path = GroupedTableView;
			sourceTree = "<group>";
		};
		E8AB719D19BA502500F3EDB4 = {
			isa = PBXGroup;
			children = (
				E8BDBFC71A116FCB00450CFF /* Backlink */,
				E8F70EBF19BA50AB006F60D5 /* Encryption */,
				C0DC41CD1A7072670067156A /* Extension */,
				C0658DC31A76CBD8002F7A84 /* extension WatchKit App */,
				C0658DB51A76CBD8002F7A84 /* extension WatchKit Extension */,
				E8AB71A819BA502500F3EDB4 /* Frameworks */,
				E879D9DA1A12AA400035E2EB /* GroupedTableView */,
				E8F70EAE19BA50A3006F60D5 /* Migration */,
				47280049B9F241AC6D6968C6 /* Pods */,
				E8AB71A719BA502500F3EDB4 /* Products */,
				3F78C9AA1B431CB200A0988E /* RACTableView */,
				E8F70EA319BA5093006F60D5 /* REST */,
				E8F70E8E19BA5083006F60D5 /* Simple */,
				E8F70E9619BA508B006F60D5 /* TableView */,
				C0DC42091A7079D00067156A /* TodayExtension */,
				0A73D4401B1442B200E1E8EE /* README.md */,
			);
			sourceTree = "<group>";
		};
		E8AB71A719BA502500F3EDB4 /* Products */ = {
			isa = PBXGroup;
			children = (
				E8BDBFA11A116FAC00450CFF /* Backlink.app */,
				E8AB723819BA504000F3EDB4 /* Encryption.app */,
				C0658DBF1A76CBD8002F7A84 /* extension WatchKit App.app */,
				C0658DB41A76CBD8002F7A84 /* extension WatchKit Extension.appex */,
				C0DC41CC1A7072670067156A /* extension.app */,
				E879D9D81A12AA120035E2EB /* GroupedTableView.app */,
				E8AB720A19BA503B00F3EDB4 /* Migration.app */,
				3F78C9C71B431CF300A0988E /* RACTableView.app */,
				E8AB729419BA504900F3EDB4 /* REST.app */,
				E8AB71DC19BA503500F3EDB4 /* Simple.app */,
				E8AB726619BA504500F3EDB4 /* TableView.app */,
				C0DC42061A7079D00067156A /* TodayExtension.appex */,
			);
			name = Products;
			sourceTree = "<group>";
		};
		E8AB71A819BA502500F3EDB4 /* Frameworks */ = {
			isa = PBXGroup;
			children = (
				E8AB71AB19BA502500F3EDB4 /* CoreGraphics.framework */,
				E8AB71A919BA502500F3EDB4 /* Foundation.framework */,
				E8F70ED019BA52E8006F60D5 /* libc++.dylib */,
				A6095331EBF052A74372F887 /* libPods-RACTableView.a */,
				C0DC42071A7079D00067156A /* NotificationCenter.framework */,
				0295B8FE19D102880036D6C3 /* Realm.framework */,
				E8AB71AD19BA502500F3EDB4 /* UIKit.framework */,
				E8AB71C219BA502500F3EDB4 /* XCTest.framework */,
			);
			name = Frameworks;
			sourceTree = "<group>";
		};
		E8BDBFC71A116FCB00450CFF /* Backlink */ = {
			isa = PBXGroup;
			children = (
				E8BDBFC81A116FCB00450CFF /* AppDelegate.h */,
				E8BDBFC91A116FCB00450CFF /* AppDelegate.m */,
				E8BDBFCA1A116FCB00450CFF /* Backlink-Info.plist */,
				E8BDBFCB1A116FCB00450CFF /* main.m */,
			);
			path = Backlink;
			sourceTree = "<group>";
		};
		E8F70E8E19BA5083006F60D5 /* Simple */ = {
			isa = PBXGroup;
			children = (
				E8F70E8F19BA5083006F60D5 /* AppDelegate.h */,
				E8F70E9019BA5083006F60D5 /* AppDelegate.m */,
				E8F70E9119BA5083006F60D5 /* main.m */,
				E8F70E9219BA5083006F60D5 /* Simple-Info.plist */,
			);
			path = Simple;
			sourceTree = "<group>";
		};
		E8F70E9619BA508B006F60D5 /* TableView */ = {
			isa = PBXGroup;
			children = (
				E8F70E9719BA508B006F60D5 /* AppDelegate.h */,
				E8F70E9819BA508B006F60D5 /* AppDelegate.m */,
				E8F70E9919BA508B006F60D5 /* Images.xcassets */,
				E8F70E9A19BA508B006F60D5 /* main.m */,
				E8F70E9B19BA508B006F60D5 /* TableView-Info.plist */,
				E8F70E9C19BA508B006F60D5 /* TableViewController.h */,
				E8F70E9D19BA508B006F60D5 /* TableViewController.m */,
			);
			path = TableView;
			sourceTree = SOURCE_ROOT;
		};
		E8F70EA319BA5093006F60D5 /* REST */ = {
			isa = PBXGroup;
			children = (
				E8F70EA419BA5093006F60D5 /* AppDelegate.h */,
				E8F70EA519BA5093006F60D5 /* AppDelegate.m */,
				E8F70EA619BA5093006F60D5 /* main.m */,
				E8F70EA719BA5093006F60D5 /* REST-Info.plist */,
				E8F70EA819BA5093006F60D5 /* Venue.h */,
				E8F70EA919BA5093006F60D5 /* Venue.m */,
			);
			path = REST;
			sourceTree = "<group>";
		};
		E8F70EAE19BA50A3006F60D5 /* Migration */ = {
			isa = PBXGroup;
			children = (
				E8F70EB619BA50A3006F60D5 /* AppDelegate.h */,
				E8F70EB719BA50A3006F60D5 /* AppDelegate.m */,
				E8F70EAF19BA50A3006F60D5 /* DataModels.h */,
				E8F70EB019BA50A3006F60D5 /* DataModels.m */,
				E8F70EB119BA50A3006F60D5 /* default-v0.realm */,
				E8F70EB219BA50A3006F60D5 /* default-v1.realm */,
				E8F70EB319BA50A3006F60D5 /* default-v2.realm */,
				E8F70EB419BA50A3006F60D5 /* main.m */,
				E8F70EB519BA50A3006F60D5 /* Migration-Info.plist */,
			);
			path = Migration;
			sourceTree = "<group>";
		};
		E8F70EBF19BA50AB006F60D5 /* Encryption */ = {
			isa = PBXGroup;
			children = (
				E8F70EC019BA50AB006F60D5 /* AppDelegate.h */,
				E8F70EC119BA50AB006F60D5 /* AppDelegate.m */,
				E8F70EC219BA50AB006F60D5 /* Encryption-Info.plist */,
				3FC898FB1A140F550067CBEC /* LabelViewController.h */,
				3FC898FC1A140F550067CBEC /* LabelViewController.m */,
				E8F70EC319BA50AB006F60D5 /* main.m */,
			);
			path = Encryption;
			sourceTree = "<group>";
		};
/* End PBXGroup section */

/* Begin PBXNativeTarget section */
		3F78C9B51B431CF300A0988E /* RACTableView */ = {
			isa = PBXNativeTarget;
			buildConfigurationList = 3F78C9C41B431CF300A0988E /* Build configuration list for PBXNativeTarget "RACTableView" */;
			buildPhases = (
				026D2BA9FD4350CE0245BCD3 /* Check Pods Manifest.lock */,
				3F78C9B81B431CF300A0988E /* Sources */,
				3F78C9BC1B431CF300A0988E /* Frameworks */,
				3F78C9C21B431CF300A0988E /* Resources */,
				998B2F45899A851A95DECA6F /* Copy Pods Resources */,
			);
			buildRules = (
			);
			dependencies = (
			);
			name = RACTableView;
			productName = TableView;
			productReference = 3F78C9C71B431CF300A0988E /* RACTableView.app */;
			productType = "com.apple.product-type.application";
		};
		C0658DB31A76CBD8002F7A84 /* extension WatchKit Extension */ = {
			isa = PBXNativeTarget;
			buildConfigurationList = C0658DD21A76CBD8002F7A84 /* Build configuration list for PBXNativeTarget "extension WatchKit Extension" */;
			buildPhases = (
				C0658DB01A76CBD8002F7A84 /* Sources */,
				C0658DB11A76CBD8002F7A84 /* Frameworks */,
				C0658DB21A76CBD8002F7A84 /* Resources */,
			);
			buildRules = (
			);
			dependencies = (
				C0658DC21A76CBD8002F7A84 /* PBXTargetDependency */,
			);
			name = "extension WatchKit Extension";
			productName = "extension WatchKit Extension";
			productReference = C0658DB41A76CBD8002F7A84 /* extension WatchKit Extension.appex */;
			productType = "com.apple.product-type.watchkit-extension";
		};
		C0658DBE1A76CBD8002F7A84 /* extension WatchKit App */ = {
			isa = PBXNativeTarget;
			buildConfigurationList = C0658DD11A76CBD8002F7A84 /* Build configuration list for PBXNativeTarget "extension WatchKit App" */;
			buildPhases = (
				C0658DBD1A76CBD8002F7A84 /* Resources */,
			);
			buildRules = (
			);
			dependencies = (
			);
			name = "extension WatchKit App";
			productName = "extension WatchKit App";
			productReference = C0658DBF1A76CBD8002F7A84 /* extension WatchKit App.app */;
			productType = "com.apple.product-type.application.watchapp";
		};
		C0DC41CB1A7072670067156A /* extension */ = {
			isa = PBXNativeTarget;
			buildConfigurationList = C0DC41EC1A7072680067156A /* Build configuration list for PBXNativeTarget "extension" */;
			buildPhases = (
				C0DC41C81A7072670067156A /* Sources */,
				C0DC41C91A7072670067156A /* Frameworks */,
				C06134E21A718BB800D22D12 /* Embed App Extensions */,
			);
			buildRules = (
			);
			dependencies = (
				C06134E11A718BB800D22D12 /* PBXTargetDependency */,
				C0658DCB1A76CBD8002F7A84 /* PBXTargetDependency */,
			);
			name = extension;
			productName = Extension;
			productReference = C0DC41CC1A7072670067156A /* extension.app */;
			productType = "com.apple.product-type.application";
		};
		C0DC42051A7079D00067156A /* TodayExtension */ = {
			isa = PBXNativeTarget;
			buildConfigurationList = C0DC42141A7079D00067156A /* Build configuration list for PBXNativeTarget "TodayExtension" */;
			buildPhases = (
				C0DC42021A7079D00067156A /* Sources */,
				C0DC42031A7079D00067156A /* Frameworks */,
				C0DC42041A7079D00067156A /* Resources */,
			);
			buildRules = (
			);
			dependencies = (
			);
			name = TodayExtension;
			productName = TodayExtension;
			productReference = C0DC42061A7079D00067156A /* TodayExtension.appex */;
			productType = "com.apple.product-type.app-extension";
		};
		E879D9C61A12AA120035E2EB /* GroupedTableView */ = {
			isa = PBXNativeTarget;
			buildConfigurationList = E879D9D51A12AA120035E2EB /* Build configuration list for PBXNativeTarget "GroupedTableView" */;
			buildPhases = (
				E879D9C91A12AA120035E2EB /* Sources */,
				E879D9CD1A12AA120035E2EB /* Frameworks */,
				E879D9D31A12AA120035E2EB /* Resources */,
			);
			buildRules = (
			);
			dependencies = (
			);
			name = GroupedTableView;
			productName = TableView;
			productReference = E879D9D81A12AA120035E2EB /* GroupedTableView.app */;
			productType = "com.apple.product-type.application";
		};
		E8AB71DB19BA503500F3EDB4 /* Simple */ = {
			isa = PBXNativeTarget;
			buildConfigurationList = E8AB720019BA503500F3EDB4 /* Build configuration list for PBXNativeTarget "Simple" */;
			buildPhases = (
				E8AB71D819BA503500F3EDB4 /* Sources */,
				E8AB71D919BA503500F3EDB4 /* Frameworks */,
			);
			buildRules = (
			);
			dependencies = (
			);
			name = Simple;
			productName = Simple;
			productReference = E8AB71DC19BA503500F3EDB4 /* Simple.app */;
			productType = "com.apple.product-type.application";
		};
		E8AB720919BA503B00F3EDB4 /* Migration */ = {
			isa = PBXNativeTarget;
			buildConfigurationList = E8AB722E19BA503B00F3EDB4 /* Build configuration list for PBXNativeTarget "Migration" */;
			buildPhases = (
				E8AB720619BA503B00F3EDB4 /* Sources */,
				E8AB720719BA503B00F3EDB4 /* Frameworks */,
				E8AB720819BA503B00F3EDB4 /* Resources */,
			);
			buildRules = (
			);
			dependencies = (
			);
			name = Migration;
			productName = Migration;
			productReference = E8AB720A19BA503B00F3EDB4 /* Migration.app */;
			productType = "com.apple.product-type.application";
		};
		E8AB723719BA504000F3EDB4 /* Encryption */ = {
			isa = PBXNativeTarget;
			buildConfigurationList = E8AB725C19BA504000F3EDB4 /* Build configuration list for PBXNativeTarget "Encryption" */;
			buildPhases = (
				E8AB723419BA504000F3EDB4 /* Sources */,
				E8AB723519BA504000F3EDB4 /* Frameworks */,
			);
			buildRules = (
			);
			dependencies = (
			);
			name = Encryption;
			productName = Encryption;
			productReference = E8AB723819BA504000F3EDB4 /* Encryption.app */;
			productType = "com.apple.product-type.application";
		};
		E8AB726519BA504500F3EDB4 /* TableView */ = {
			isa = PBXNativeTarget;
			buildConfigurationList = E8AB728A19BA504500F3EDB4 /* Build configuration list for PBXNativeTarget "TableView" */;
			buildPhases = (
				E8AB726219BA504500F3EDB4 /* Sources */,
				E8AB726319BA504500F3EDB4 /* Frameworks */,
				E8AB726419BA504500F3EDB4 /* Resources */,
			);
			buildRules = (
			);
			dependencies = (
			);
			name = TableView;
			productName = TableView;
			productReference = E8AB726619BA504500F3EDB4 /* TableView.app */;
			productType = "com.apple.product-type.application";
		};
		E8AB729319BA504900F3EDB4 /* REST */ = {
			isa = PBXNativeTarget;
			buildConfigurationList = E8AB72B819BA504900F3EDB4 /* Build configuration list for PBXNativeTarget "REST" */;
			buildPhases = (
				E8AB729019BA504900F3EDB4 /* Sources */,
				E8AB729119BA504900F3EDB4 /* Frameworks */,
			);
			buildRules = (
			);
			dependencies = (
			);
			name = REST;
			productName = REST;
			productReference = E8AB729419BA504900F3EDB4 /* REST.app */;
			productType = "com.apple.product-type.application";
		};
		E8BDBFA01A116FAC00450CFF /* Backlink */ = {
			isa = PBXNativeTarget;
			buildConfigurationList = E8BDBFC51A116FAC00450CFF /* Build configuration list for PBXNativeTarget "Backlink" */;
			buildPhases = (
				E8BDBF9D1A116FAC00450CFF /* Sources */,
				E8BDBF9E1A116FAC00450CFF /* Frameworks */,
			);
			buildRules = (
			);
			dependencies = (
			);
			name = Backlink;
			productName = Backlink;
			productReference = E8BDBFA11A116FAC00450CFF /* Backlink.app */;
			productType = "com.apple.product-type.application";
		};
/* End PBXNativeTarget section */

/* Begin PBXProject section */
		E8AB719E19BA502500F3EDB4 /* Project object */ = {
			isa = PBXProject;
			attributes = {
				CLASSPREFIX = RLM;
				LastUpgradeCheck = 0700;
				ORGANIZATIONNAME = Realm;
				TargetAttributes = {
					C0658DB31A76CBD8002F7A84 = {
						CreatedOnToolsVersion = 6.2;
						DevelopmentTeam = 9GCBJ97HG6;
						SystemCapabilities = {
							com.apple.ApplicationGroups.iOS = {
								enabled = 1;
							};
						};
					};
					C0658DBE1A76CBD8002F7A84 = {
						CreatedOnToolsVersion = 6.2;
					};
					C0DC41CB1A7072670067156A = {
						CreatedOnToolsVersion = 6.2;
						DevelopmentTeam = 9GCBJ97HG6;
						SystemCapabilities = {
							com.apple.ApplicationGroups.iOS = {
								enabled = 1;
							};
						};
					};
					C0DC42051A7079D00067156A = {
						CreatedOnToolsVersion = 6.2;
						DevelopmentTeam = 9GCBJ97HG6;
						SystemCapabilities = {
							com.apple.ApplicationGroups.iOS = {
								enabled = 1;
							};
						};
					};
					E8BDBFA01A116FAC00450CFF = {
						CreatedOnToolsVersion = 6.1;
					};
				};
			};
			buildConfigurationList = E8AB71A119BA502500F3EDB4 /* Build configuration list for PBXProject "RealmExamples" */;
			compatibilityVersion = "Xcode 3.2";
			developmentRegion = English;
			hasScannedForEncodings = 0;
			knownRegions = (
				en,
				Base,
			);
			mainGroup = E8AB719D19BA502500F3EDB4;
			productRefGroup = E8AB71A719BA502500F3EDB4 /* Products */;
			projectDirPath = "";
			projectRoot = "";
			targets = (
				E8BDBFA01A116FAC00450CFF /* Backlink */,
				E8AB723719BA504000F3EDB4 /* Encryption */,
				C0DC41CB1A7072670067156A /* extension */,
				C0DC42051A7079D00067156A /* TodayExtension */,
				E879D9C61A12AA120035E2EB /* GroupedTableView */,
				3F78C9B51B431CF300A0988E /* RACTableView */,
				E8AB720919BA503B00F3EDB4 /* Migration */,
				E8AB729319BA504900F3EDB4 /* REST */,
				E8AB71DB19BA503500F3EDB4 /* Simple */,
				E8AB726519BA504500F3EDB4 /* TableView */,
				C0658DB31A76CBD8002F7A84 /* extension WatchKit Extension */,
				C0658DBE1A76CBD8002F7A84 /* extension WatchKit App */,
			);
		};
/* End PBXProject section */

/* Begin PBXResourcesBuildPhase section */
		3F78C9C21B431CF300A0988E /* Resources */ = {
			isa = PBXResourcesBuildPhase;
			buildActionMask = 2147483647;
			files = (
				3F78C9C31B431CF300A0988E /* Images.xcassets in Resources */,
			);
			runOnlyForDeploymentPostprocessing = 0;
		};
		C0658DB21A76CBD8002F7A84 /* Resources */ = {
			isa = PBXResourcesBuildPhase;
			buildActionMask = 2147483647;
			files = (
				C0658DC01A76CBD8002F7A84 /* extension WatchKit App.app in Resources */,
				C0658DBC1A76CBD8002F7A84 /* Images.xcassets in Resources */,
			);
			runOnlyForDeploymentPostprocessing = 0;
		};
		C0658DBD1A76CBD8002F7A84 /* Resources */ = {
			isa = PBXResourcesBuildPhase;
			buildActionMask = 2147483647;
			files = (
				C0658DC91A76CBD8002F7A84 /* Images.xcassets in Resources */,
				C0658DC71A76CBD8002F7A84 /* Interface.storyboard in Resources */,
			);
			runOnlyForDeploymentPostprocessing = 0;
		};
		C0DC42041A7079D00067156A /* Resources */ = {
			isa = PBXResourcesBuildPhase;
			buildActionMask = 2147483647;
			files = (
				C0DC42101A7079D00067156A /* MainInterface.storyboard in Resources */,
			);
			runOnlyForDeploymentPostprocessing = 0;
		};
		E879D9D31A12AA120035E2EB /* Resources */ = {
			isa = PBXResourcesBuildPhase;
			buildActionMask = 2147483647;
			files = (
				E879D9E31A12AA400035E2EB /* Images.xcassets in Resources */,
			);
			runOnlyForDeploymentPostprocessing = 0;
		};
		E8AB720819BA503B00F3EDB4 /* Resources */ = {
			isa = PBXResourcesBuildPhase;
			buildActionMask = 2147483647;
			files = (
				E8F70EB919BA50A3006F60D5 /* default-v0.realm in Resources */,
				E8F70EBA19BA50A3006F60D5 /* default-v1.realm in Resources */,
				E8F70EBB19BA50A3006F60D5 /* default-v2.realm in Resources */,
			);
			runOnlyForDeploymentPostprocessing = 0;
		};
		E8AB726419BA504500F3EDB4 /* Resources */ = {
			isa = PBXResourcesBuildPhase;
			buildActionMask = 2147483647;
			files = (
				E8F70E9F19BA508B006F60D5 /* Images.xcassets in Resources */,
			);
			runOnlyForDeploymentPostprocessing = 0;
		};
/* End PBXResourcesBuildPhase section */

/* Begin PBXShellScriptBuildPhase section */
		026D2BA9FD4350CE0245BCD3 /* Check Pods Manifest.lock */ = {
			isa = PBXShellScriptBuildPhase;
			buildActionMask = 2147483647;
			files = (
			);
			inputPaths = (
			);
			name = "Check Pods Manifest.lock";
			outputPaths = (
			);
			runOnlyForDeploymentPostprocessing = 0;
			shellPath = /bin/sh;
			shellScript = "diff \"${PODS_ROOT}/../Podfile.lock\" \"${PODS_ROOT}/Manifest.lock\" > /dev/null\nif [[ $? != 0 ]] ; then\n    cat << EOM\nerror: The sandbox is not in sync with the Podfile.lock. Run 'pod install' or update your CocoaPods installation.\nEOM\n    exit 1\nfi\n";
			showEnvVarsInLog = 0;
		};
		998B2F45899A851A95DECA6F /* Copy Pods Resources */ = {
			isa = PBXShellScriptBuildPhase;
			buildActionMask = 2147483647;
			files = (
			);
			inputPaths = (
			);
			name = "Copy Pods Resources";
			outputPaths = (
			);
			runOnlyForDeploymentPostprocessing = 0;
			shellPath = /bin/sh;
			shellScript = "\"${SRCROOT}/Pods/Target Support Files/Pods-RACTableView/Pods-RACTableView-resources.sh\"\n";
			showEnvVarsInLog = 0;
		};
/* End PBXShellScriptBuildPhase section */

/* Begin PBXSourcesBuildPhase section */
		3F78C9B81B431CF300A0988E /* Sources */ = {
			isa = PBXSourcesBuildPhase;
			buildActionMask = 2147483647;
			files = (
				3F78C9C91B431D6F00A0988E /* AppDelegate.m in Sources */,
				3F78C9CB1B431D7A00A0988E /* main.m in Sources */,
				3F78C9CA1B431D7400A0988E /* TableViewController.m in Sources */,
			);
			runOnlyForDeploymentPostprocessing = 0;
		};
		C0658DB01A76CBD8002F7A84 /* Sources */ = {
			isa = PBXSourcesBuildPhase;
			buildActionMask = 2147483647;
			files = (
				C0658DBA1A76CBD8002F7A84 /* InterfaceController.m in Sources */,
				C0DBF4DD1A76D1330099BC95 /* Tick.m in Sources */,
			);
			runOnlyForDeploymentPostprocessing = 0;
		};
		C0DC41C81A7072670067156A /* Sources */ = {
			isa = PBXSourcesBuildPhase;
			buildActionMask = 2147483647;
			files = (
				C0DC41D41A7072680067156A /* AppDelegate.m in Sources */,
				C0DC42011A7078130067156A /* main.m in Sources */,
				C0DC41FC1A7072DE0067156A /* Tick.m in Sources */,
			);
			runOnlyForDeploymentPostprocessing = 0;
		};
		C0DC42021A7079D00067156A /* Sources */ = {
			isa = PBXSourcesBuildPhase;
			buildActionMask = 2147483647;
			files = (
				C0DC42181A707B960067156A /* Tick.m in Sources */,
				C0DC420E1A7079D00067156A /* TodayViewController.m in Sources */,
			);
			runOnlyForDeploymentPostprocessing = 0;
		};
		E879D9C91A12AA120035E2EB /* Sources */ = {
			isa = PBXSourcesBuildPhase;
			buildActionMask = 2147483647;
			files = (
				E879D9E21A12AA400035E2EB /* AppDelegate.m in Sources */,
				E879D9E51A12AA400035E2EB /* main.m in Sources */,
				E879D9E61A12AA400035E2EB /* TableViewController.m in Sources */,
			);
			runOnlyForDeploymentPostprocessing = 0;
		};
		E8AB71D819BA503500F3EDB4 /* Sources */ = {
			isa = PBXSourcesBuildPhase;
			buildActionMask = 2147483647;
			files = (
				E8F70E9319BA5083006F60D5 /* AppDelegate.m in Sources */,
				E8F70E9419BA5083006F60D5 /* main.m in Sources */,
			);
			runOnlyForDeploymentPostprocessing = 0;
		};
		E8AB720619BA503B00F3EDB4 /* Sources */ = {
			isa = PBXSourcesBuildPhase;
			buildActionMask = 2147483647;
			files = (
				E8F70EBE19BA50A3006F60D5 /* AppDelegate.m in Sources */,
				E8F70EB819BA50A3006F60D5 /* DataModels.m in Sources */,
				E8F70EBC19BA50A3006F60D5 /* main.m in Sources */,
			);
			runOnlyForDeploymentPostprocessing = 0;
		};
		E8AB723419BA504000F3EDB4 /* Sources */ = {
			isa = PBXSourcesBuildPhase;
			buildActionMask = 2147483647;
			files = (
				E8F70EC419BA50AB006F60D5 /* AppDelegate.m in Sources */,
				3FC898FD1A140F550067CBEC /* LabelViewController.m in Sources */,
				E8F70EC619BA50AB006F60D5 /* main.m in Sources */,
			);
			runOnlyForDeploymentPostprocessing = 0;
		};
		E8AB726219BA504500F3EDB4 /* Sources */ = {
			isa = PBXSourcesBuildPhase;
			buildActionMask = 2147483647;
			files = (
				E8F70E9E19BA508B006F60D5 /* AppDelegate.m in Sources */,
				E8F70EA019BA508B006F60D5 /* main.m in Sources */,
				E8F70EA219BA508B006F60D5 /* TableViewController.m in Sources */,
			);
			runOnlyForDeploymentPostprocessing = 0;
		};
		E8AB729019BA504900F3EDB4 /* Sources */ = {
			isa = PBXSourcesBuildPhase;
			buildActionMask = 2147483647;
			files = (
				E8F70EAA19BA5093006F60D5 /* AppDelegate.m in Sources */,
				E8F70EAB19BA5093006F60D5 /* main.m in Sources */,
				E8F70EAD19BA5093006F60D5 /* Venue.m in Sources */,
			);
			runOnlyForDeploymentPostprocessing = 0;
		};
		E8BDBF9D1A116FAC00450CFF /* Sources */ = {
			isa = PBXSourcesBuildPhase;
			buildActionMask = 2147483647;
			files = (
				E8BDBFCC1A116FCB00450CFF /* AppDelegate.m in Sources */,
				E8BDBFCE1A116FCB00450CFF /* main.m in Sources */,
			);
			runOnlyForDeploymentPostprocessing = 0;
		};
/* End PBXSourcesBuildPhase section */

/* Begin PBXTargetDependency section */
		C06134E11A718BB800D22D12 /* PBXTargetDependency */ = {
			isa = PBXTargetDependency;
			target = C0DC42051A7079D00067156A /* TodayExtension */;
			targetProxy = C06134E01A718BB800D22D12 /* PBXContainerItemProxy */;
		};
		C0658DC21A76CBD8002F7A84 /* PBXTargetDependency */ = {
			isa = PBXTargetDependency;
			target = C0658DBE1A76CBD8002F7A84 /* extension WatchKit App */;
			targetProxy = C0658DC11A76CBD8002F7A84 /* PBXContainerItemProxy */;
		};
		C0658DCB1A76CBD8002F7A84 /* PBXTargetDependency */ = {
			isa = PBXTargetDependency;
			target = C0658DB31A76CBD8002F7A84 /* extension WatchKit Extension */;
			targetProxy = C0658DCA1A76CBD8002F7A84 /* PBXContainerItemProxy */;
		};
/* End PBXTargetDependency section */

/* Begin XCBuildConfiguration section */
		3F78C9C51B431CF300A0988E /* Debug */ = {
			isa = XCBuildConfiguration;
			baseConfigurationReference = BD5E18798F030DC45369A649 /* Pods-RACTableView.debug.xcconfig */;
			buildSettings = {
				ASSETCATALOG_COMPILER_APPICON_NAME = AppIcon;
				ASSETCATALOG_COMPILER_LAUNCHIMAGE_NAME = LaunchImage;
				GCC_PRECOMPILE_PREFIX_HEADER = YES;
				GCC_PREFIX_HEADER = "";
				GCC_PREPROCESSOR_DEFINITIONS = (
					"DEBUG=1",
					"$(inherited)",
				);
				INFOPLIST_FILE = "$(SRCROOT)/RACTableView/Info.plist";
				PRODUCT_NAME = RACTableView;
				WRAPPER_EXTENSION = app;
			};
			name = Debug;
		};
		3F78C9C61B431CF300A0988E /* Release */ = {
			isa = XCBuildConfiguration;
			baseConfigurationReference = A09DC4EDBB24E8E1D139F2D9 /* Pods-RACTableView.release.xcconfig */;
			buildSettings = {
				ASSETCATALOG_COMPILER_APPICON_NAME = AppIcon;
				ASSETCATALOG_COMPILER_LAUNCHIMAGE_NAME = LaunchImage;
				GCC_PRECOMPILE_PREFIX_HEADER = YES;
				GCC_PREFIX_HEADER = "";
				INFOPLIST_FILE = "$(SRCROOT)/RACTableView/Info.plist";
				PRODUCT_NAME = RACTableView;
				WRAPPER_EXTENSION = app;
			};
			name = Release;
		};
		C0658DCD1A76CBD8002F7A84 /* Debug */ = {
			isa = XCBuildConfiguration;
			buildSettings = {
				CLANG_WARN_UNREACHABLE_CODE = YES;
				CODE_SIGN_ENTITLEMENTS = "extension WatchKit Extension/extension WatchKit Extension.entitlements";
				CODE_SIGN_IDENTITY = "iPhone Developer";
				"CODE_SIGN_IDENTITY[sdk=iphoneos*]" = "iPhone Developer";
				ENABLE_STRICT_OBJC_MSGSEND = YES;
				GCC_PREPROCESSOR_DEFINITIONS = (
					"DEBUG=1",
					"$(inherited)",
				);
				INFOPLIST_FILE = "extension WatchKit Extension/Info.plist";
				IPHONEOS_DEPLOYMENT_TARGET = 8.2;
				LD_RUNPATH_SEARCH_PATHS = "$(inherited) @executable_path/Frameworks @executable_path/../../Frameworks";
				MTL_ENABLE_DEBUG_INFO = YES;
				PRODUCT_NAME = "${TARGET_NAME}";
				PROVISIONING_PROFILE = "";
				SKIP_INSTALL = YES;
			};
			name = Debug;
		};
		C0658DCE1A76CBD8002F7A84 /* Release */ = {
			isa = XCBuildConfiguration;
			buildSettings = {
				CLANG_WARN_UNREACHABLE_CODE = YES;
				CODE_SIGN_ENTITLEMENTS = "extension WatchKit Extension/extension WatchKit Extension.entitlements";
				CODE_SIGN_IDENTITY = "iPhone Developer";
				"CODE_SIGN_IDENTITY[sdk=iphoneos*]" = "iPhone Developer";
				ENABLE_STRICT_OBJC_MSGSEND = YES;
				INFOPLIST_FILE = "extension WatchKit Extension/Info.plist";
				IPHONEOS_DEPLOYMENT_TARGET = 8.2;
				LD_RUNPATH_SEARCH_PATHS = "$(inherited) @executable_path/Frameworks @executable_path/../../Frameworks";
				MTL_ENABLE_DEBUG_INFO = NO;
				PRODUCT_NAME = "${TARGET_NAME}";
				PROVISIONING_PROFILE = "";
				SKIP_INSTALL = YES;
			};
			name = Release;
		};
		C0658DCF1A76CBD8002F7A84 /* Debug */ = {
			isa = XCBuildConfiguration;
			buildSettings = {
				ASSETCATALOG_COMPILER_APPICON_NAME = AppIcon;
				ASSETCATALOG_COMPILER_LAUNCHIMAGE_NAME = LaunchImage;
				CLANG_WARN_UNREACHABLE_CODE = YES;
				ENABLE_STRICT_OBJC_MSGSEND = YES;
				GCC_PREPROCESSOR_DEFINITIONS = (
					"DEBUG=1",
					"$(inherited)",
				);
				IBSC_MODULE = extension_WatchKit_Extension;
				INFOPLIST_FILE = "extension WatchKit App/Info.plist";
				IPHONEOS_DEPLOYMENT_TARGET = 8.2;
				MTL_ENABLE_DEBUG_INFO = YES;
				PRODUCT_NAME = "$(TARGET_NAME)";
				SKIP_INSTALL = YES;
				TARGETED_DEVICE_FAMILY = 4;
				"TARGETED_DEVICE_FAMILY[sdk=iphonesimulator*]" = "1,4";
			};
			name = Debug;
		};
		C0658DD01A76CBD8002F7A84 /* Release */ = {
			isa = XCBuildConfiguration;
			buildSettings = {
				ASSETCATALOG_COMPILER_APPICON_NAME = AppIcon;
				ASSETCATALOG_COMPILER_LAUNCHIMAGE_NAME = LaunchImage;
				CLANG_WARN_UNREACHABLE_CODE = YES;
				ENABLE_STRICT_OBJC_MSGSEND = YES;
				IBSC_MODULE = extension_WatchKit_Extension;
				INFOPLIST_FILE = "extension WatchKit App/Info.plist";
				IPHONEOS_DEPLOYMENT_TARGET = 8.2;
				MTL_ENABLE_DEBUG_INFO = NO;
				PRODUCT_NAME = "$(TARGET_NAME)";
				SKIP_INSTALL = YES;
				TARGETED_DEVICE_FAMILY = 4;
				"TARGETED_DEVICE_FAMILY[sdk=iphonesimulator*]" = "1,4";
			};
			name = Release;
		};
		C0DC41ED1A7072680067156A /* Debug */ = {
			isa = XCBuildConfiguration;
			buildSettings = {
				ASSETCATALOG_COMPILER_APPICON_NAME = AppIcon;
				CLANG_WARN_UNREACHABLE_CODE = YES;
				CODE_SIGN_ENTITLEMENTS = Extension/Extension.entitlements;
				CODE_SIGN_IDENTITY = "iPhone Developer";
				"CODE_SIGN_IDENTITY[sdk=iphoneos*]" = "iPhone Developer";
				ENABLE_STRICT_OBJC_MSGSEND = YES;
				GCC_PREPROCESSOR_DEFINITIONS = (
					"DEBUG=1",
					"$(inherited)",
				);
				INFOPLIST_FILE = Extension/Info.plist;
				IPHONEOS_DEPLOYMENT_TARGET = 8.0;
				LD_RUNPATH_SEARCH_PATHS = "$(inherited) @executable_path/Frameworks";
				MTL_ENABLE_DEBUG_INFO = YES;
				PRODUCT_NAME = "$(TARGET_NAME)";
				PROVISIONING_PROFILE = "";
			};
			name = Debug;
		};
		C0DC41EE1A7072680067156A /* Release */ = {
			isa = XCBuildConfiguration;
			buildSettings = {
				ASSETCATALOG_COMPILER_APPICON_NAME = AppIcon;
				CLANG_WARN_UNREACHABLE_CODE = YES;
				CODE_SIGN_ENTITLEMENTS = Extension/Extension.entitlements;
				CODE_SIGN_IDENTITY = "iPhone Developer";
				"CODE_SIGN_IDENTITY[sdk=iphoneos*]" = "iPhone Developer";
				ENABLE_STRICT_OBJC_MSGSEND = YES;
				INFOPLIST_FILE = Extension/Info.plist;
				IPHONEOS_DEPLOYMENT_TARGET = 8.0;
				LD_RUNPATH_SEARCH_PATHS = "$(inherited) @executable_path/Frameworks";
				MTL_ENABLE_DEBUG_INFO = NO;
				PRODUCT_NAME = "$(TARGET_NAME)";
				PROVISIONING_PROFILE = "";
			};
			name = Release;
		};
		C0DC42151A7079D00067156A /* Debug */ = {
			isa = XCBuildConfiguration;
			buildSettings = {
				CLANG_WARN_UNREACHABLE_CODE = YES;
				CODE_SIGN_ENTITLEMENTS = TodayExtension/TodayExtension.entitlements;
				CODE_SIGN_IDENTITY = "iPhone Developer";
				"CODE_SIGN_IDENTITY[sdk=iphoneos*]" = "iPhone Developer";
				ENABLE_STRICT_OBJC_MSGSEND = YES;
				GCC_PREPROCESSOR_DEFINITIONS = (
					"DEBUG=1",
					"$(inherited)",
				);
				INFOPLIST_FILE = TodayExtension/Info.plist;
				IPHONEOS_DEPLOYMENT_TARGET = 8.2;
				LD_RUNPATH_SEARCH_PATHS = "$(inherited) @executable_path/Frameworks @executable_path/../../Frameworks";
				MTL_ENABLE_DEBUG_INFO = YES;
				PRODUCT_NAME = "$(TARGET_NAME)";
				PROVISIONING_PROFILE = "";
				SKIP_INSTALL = YES;
			};
			name = Debug;
		};
		C0DC42161A7079D00067156A /* Release */ = {
			isa = XCBuildConfiguration;
			buildSettings = {
				CLANG_WARN_UNREACHABLE_CODE = YES;
				CODE_SIGN_ENTITLEMENTS = TodayExtension/TodayExtension.entitlements;
				CODE_SIGN_IDENTITY = "iPhone Developer";
				"CODE_SIGN_IDENTITY[sdk=iphoneos*]" = "iPhone Developer";
				ENABLE_STRICT_OBJC_MSGSEND = YES;
				INFOPLIST_FILE = TodayExtension/Info.plist;
				IPHONEOS_DEPLOYMENT_TARGET = 8.2;
				LD_RUNPATH_SEARCH_PATHS = "$(inherited) @executable_path/Frameworks @executable_path/../../Frameworks";
				MTL_ENABLE_DEBUG_INFO = NO;
				PRODUCT_NAME = "$(TARGET_NAME)";
				PROVISIONING_PROFILE = "";
				SKIP_INSTALL = YES;
			};
			name = Release;
		};
		E879D9D61A12AA120035E2EB /* Debug */ = {
			isa = XCBuildConfiguration;
			buildSettings = {
				ASSETCATALOG_COMPILER_APPICON_NAME = AppIcon;
				ASSETCATALOG_COMPILER_LAUNCHIMAGE_NAME = LaunchImage;
				GCC_PRECOMPILE_PREFIX_HEADER = YES;
				GCC_PREFIX_HEADER = "";
				GCC_PREPROCESSOR_DEFINITIONS = (
					"DEBUG=1",
					"$(inherited)",
				);
				INFOPLIST_FILE = "$(SRCROOT)/GroupedTableView/Info.plist";
				PRODUCT_NAME = GroupedTableView;
				WRAPPER_EXTENSION = app;
			};
			name = Debug;
		};
		E879D9D71A12AA120035E2EB /* Release */ = {
			isa = XCBuildConfiguration;
			buildSettings = {
				ASSETCATALOG_COMPILER_APPICON_NAME = AppIcon;
				ASSETCATALOG_COMPILER_LAUNCHIMAGE_NAME = LaunchImage;
				GCC_PRECOMPILE_PREFIX_HEADER = YES;
				GCC_PREFIX_HEADER = "";
				INFOPLIST_FILE = "$(SRCROOT)/GroupedTableView/Info.plist";
				PRODUCT_NAME = GroupedTableView;
				WRAPPER_EXTENSION = app;
			};
			name = Release;
		};
		E8AB71D019BA502500F3EDB4 /* Debug */ = {
			isa = XCBuildConfiguration;
			buildSettings = {
				ALWAYS_SEARCH_USER_PATHS = NO;
				CLANG_CXX_LANGUAGE_STANDARD = "gnu++0x";
				CLANG_CXX_LIBRARY = "libc++";
				CLANG_ENABLE_MODULES = YES;
				CLANG_ENABLE_OBJC_ARC = YES;
				CLANG_WARN_BOOL_CONVERSION = YES;
				CLANG_WARN_CONSTANT_CONVERSION = YES;
				CLANG_WARN_DIRECT_OBJC_ISA_USAGE = YES_ERROR;
				CLANG_WARN_EMPTY_BODY = YES;
				CLANG_WARN_ENUM_CONVERSION = YES;
				CLANG_WARN_INT_CONVERSION = YES;
				CLANG_WARN_OBJC_ROOT_CLASS = YES_ERROR;
				CLANG_WARN__DUPLICATE_METHOD_MATCH = YES;
				"CODE_SIGN_IDENTITY[sdk=iphoneos*]" = "iPhone Developer";
				CONFIGURATION_BUILD_DIR = "$(BUILD_DIR)/$(CONFIGURATION)$(EFFECTIVE_PLATFORM_NAME)-static";
				CONFIGURATION_TEMP_DIR = "$(PROJECT_TEMP_DIR)/$(CONFIGURATION)$(EFFECTIVE_PLATFORM_NAME)-static";
				COPY_PHASE_STRIP = NO;
				GCC_C_LANGUAGE_STANDARD = gnu99;
				GCC_DYNAMIC_NO_PIC = NO;
				GCC_OPTIMIZATION_LEVEL = 0;
				GCC_PREPROCESSOR_DEFINITIONS = (
					"DEBUG=1",
					"$(inherited)",
				);
				GCC_SYMBOLS_PRIVATE_EXTERN = NO;
				GCC_WARN_64_TO_32_BIT_CONVERSION = YES;
				GCC_WARN_ABOUT_RETURN_TYPE = YES_ERROR;
				GCC_WARN_UNDECLARED_SELECTOR = YES;
				GCC_WARN_UNINITIALIZED_AUTOS = YES_AGGRESSIVE;
				GCC_WARN_UNUSED_FUNCTION = YES;
				GCC_WARN_UNUSED_VARIABLE = YES;
				IPHONEOS_DEPLOYMENT_TARGET = 7.0;
				ONLY_ACTIVE_ARCH = YES;
				SDKROOT = iphoneos;
				TARGETED_DEVICE_FAMILY = "1,2";
			};
			name = Debug;
		};
		E8AB71D119BA502500F3EDB4 /* Release */ = {
			isa = XCBuildConfiguration;
			buildSettings = {
				ALWAYS_SEARCH_USER_PATHS = NO;
				CLANG_CXX_LANGUAGE_STANDARD = "gnu++0x";
				CLANG_CXX_LIBRARY = "libc++";
				CLANG_ENABLE_MODULES = YES;
				CLANG_ENABLE_OBJC_ARC = YES;
				CLANG_WARN_BOOL_CONVERSION = YES;
				CLANG_WARN_CONSTANT_CONVERSION = YES;
				CLANG_WARN_DIRECT_OBJC_ISA_USAGE = YES_ERROR;
				CLANG_WARN_EMPTY_BODY = YES;
				CLANG_WARN_ENUM_CONVERSION = YES;
				CLANG_WARN_INT_CONVERSION = YES;
				CLANG_WARN_OBJC_ROOT_CLASS = YES_ERROR;
				CLANG_WARN__DUPLICATE_METHOD_MATCH = YES;
				"CODE_SIGN_IDENTITY[sdk=iphoneos*]" = "iPhone Developer";
				CONFIGURATION_BUILD_DIR = "$(BUILD_DIR)/$(CONFIGURATION)$(EFFECTIVE_PLATFORM_NAME)-static";
				CONFIGURATION_TEMP_DIR = "$(PROJECT_TEMP_DIR)/$(CONFIGURATION)$(EFFECTIVE_PLATFORM_NAME)-static";
				COPY_PHASE_STRIP = YES;
				ENABLE_NS_ASSERTIONS = NO;
				GCC_C_LANGUAGE_STANDARD = gnu99;
				GCC_WARN_64_TO_32_BIT_CONVERSION = YES;
				GCC_WARN_ABOUT_RETURN_TYPE = YES_ERROR;
				GCC_WARN_UNDECLARED_SELECTOR = YES;
				GCC_WARN_UNINITIALIZED_AUTOS = YES_AGGRESSIVE;
				GCC_WARN_UNUSED_FUNCTION = YES;
				GCC_WARN_UNUSED_VARIABLE = YES;
				IPHONEOS_DEPLOYMENT_TARGET = 7.0;
				SDKROOT = iphoneos;
				TARGETED_DEVICE_FAMILY = "1,2";
				VALIDATE_PRODUCT = YES;
			};
			name = Release;
		};
		E8AB720119BA503500F3EDB4 /* Debug */ = {
			isa = XCBuildConfiguration;
			buildSettings = {
				ASSETCATALOG_COMPILER_APPICON_NAME = AppIcon;
				ASSETCATALOG_COMPILER_LAUNCHIMAGE_NAME = LaunchImage;
				GCC_PRECOMPILE_PREFIX_HEADER = YES;
				GCC_PREFIX_HEADER = "";
				GCC_PREPROCESSOR_DEFINITIONS = (
					"DEBUG=1",
					"$(inherited)",
				);
				INFOPLIST_FILE = "Simple/Simple-Info.plist";
				PRODUCT_NAME = "$(TARGET_NAME)";
				WRAPPER_EXTENSION = app;
			};
			name = Debug;
		};
		E8AB720219BA503500F3EDB4 /* Release */ = {
			isa = XCBuildConfiguration;
			buildSettings = {
				ASSETCATALOG_COMPILER_APPICON_NAME = AppIcon;
				ASSETCATALOG_COMPILER_LAUNCHIMAGE_NAME = LaunchImage;
				GCC_PRECOMPILE_PREFIX_HEADER = YES;
				GCC_PREFIX_HEADER = "";
				INFOPLIST_FILE = "Simple/Simple-Info.plist";
				PRODUCT_NAME = "$(TARGET_NAME)";
				WRAPPER_EXTENSION = app;
			};
			name = Release;
		};
		E8AB722F19BA503B00F3EDB4 /* Debug */ = {
			isa = XCBuildConfiguration;
			buildSettings = {
				ASSETCATALOG_COMPILER_APPICON_NAME = AppIcon;
				ASSETCATALOG_COMPILER_LAUNCHIMAGE_NAME = LaunchImage;
				GCC_PRECOMPILE_PREFIX_HEADER = YES;
				GCC_PREFIX_HEADER = "";
				GCC_PREPROCESSOR_DEFINITIONS = (
					"DEBUG=1",
					"$(inherited)",
				);
				INFOPLIST_FILE = "Migration/Migration-Info.plist";
				PRODUCT_NAME = "$(TARGET_NAME)";
				WRAPPER_EXTENSION = app;
			};
			name = Debug;
		};
		E8AB723019BA503B00F3EDB4 /* Release */ = {
			isa = XCBuildConfiguration;
			buildSettings = {
				ASSETCATALOG_COMPILER_APPICON_NAME = AppIcon;
				ASSETCATALOG_COMPILER_LAUNCHIMAGE_NAME = LaunchImage;
				GCC_PRECOMPILE_PREFIX_HEADER = YES;
				GCC_PREFIX_HEADER = "";
				INFOPLIST_FILE = "Migration/Migration-Info.plist";
				PRODUCT_NAME = "$(TARGET_NAME)";
				WRAPPER_EXTENSION = app;
			};
			name = Release;
		};
		E8AB725D19BA504000F3EDB4 /* Debug */ = {
			isa = XCBuildConfiguration;
			buildSettings = {
				ASSETCATALOG_COMPILER_APPICON_NAME = AppIcon;
				ASSETCATALOG_COMPILER_LAUNCHIMAGE_NAME = LaunchImage;
				GCC_PRECOMPILE_PREFIX_HEADER = YES;
				GCC_PREFIX_HEADER = "";
				GCC_PREPROCESSOR_DEFINITIONS = (
					"DEBUG=1",
					"$(inherited)",
				);
				INFOPLIST_FILE = "Encryption/Encryption-Info.plist";
				PRODUCT_NAME = "$(TARGET_NAME)";
				WRAPPER_EXTENSION = app;
			};
			name = Debug;
		};
		E8AB725E19BA504000F3EDB4 /* Release */ = {
			isa = XCBuildConfiguration;
			buildSettings = {
				ASSETCATALOG_COMPILER_APPICON_NAME = AppIcon;
				ASSETCATALOG_COMPILER_LAUNCHIMAGE_NAME = LaunchImage;
				GCC_PRECOMPILE_PREFIX_HEADER = YES;
				GCC_PREFIX_HEADER = "";
				INFOPLIST_FILE = "Encryption/Encryption-Info.plist";
				PRODUCT_NAME = "$(TARGET_NAME)";
				WRAPPER_EXTENSION = app;
			};
			name = Release;
		};
		E8AB728B19BA504500F3EDB4 /* Debug */ = {
			isa = XCBuildConfiguration;
			buildSettings = {
				ASSETCATALOG_COMPILER_APPICON_NAME = AppIcon;
				ASSETCATALOG_COMPILER_LAUNCHIMAGE_NAME = LaunchImage;
				GCC_PRECOMPILE_PREFIX_HEADER = YES;
				GCC_PREFIX_HEADER = "";
				GCC_PREPROCESSOR_DEFINITIONS = (
					"DEBUG=1",
					"$(inherited)",
				);
				INFOPLIST_FILE = "TableView/TableView-Info.plist";
				PRODUCT_NAME = "$(TARGET_NAME)";
				WRAPPER_EXTENSION = app;
			};
			name = Debug;
		};
		E8AB728C19BA504500F3EDB4 /* Release */ = {
			isa = XCBuildConfiguration;
			buildSettings = {
				ASSETCATALOG_COMPILER_APPICON_NAME = AppIcon;
				ASSETCATALOG_COMPILER_LAUNCHIMAGE_NAME = LaunchImage;
				GCC_PRECOMPILE_PREFIX_HEADER = YES;
				GCC_PREFIX_HEADER = "";
				INFOPLIST_FILE = "TableView/TableView-Info.plist";
				PRODUCT_NAME = "$(TARGET_NAME)";
				WRAPPER_EXTENSION = app;
			};
			name = Release;
		};
		E8AB72B919BA504900F3EDB4 /* Debug */ = {
			isa = XCBuildConfiguration;
			buildSettings = {
				ASSETCATALOG_COMPILER_APPICON_NAME = AppIcon;
				ASSETCATALOG_COMPILER_LAUNCHIMAGE_NAME = LaunchImage;
				GCC_PRECOMPILE_PREFIX_HEADER = YES;
				GCC_PREFIX_HEADER = "";
				GCC_PREPROCESSOR_DEFINITIONS = (
					"DEBUG=1",
					"$(inherited)",
				);
				INFOPLIST_FILE = "REST/REST-Info.plist";
				PRODUCT_NAME = "$(TARGET_NAME)";
				WRAPPER_EXTENSION = app;
			};
			name = Debug;
		};
		E8AB72BA19BA504900F3EDB4 /* Release */ = {
			isa = XCBuildConfiguration;
			buildSettings = {
				ASSETCATALOG_COMPILER_APPICON_NAME = AppIcon;
				ASSETCATALOG_COMPILER_LAUNCHIMAGE_NAME = LaunchImage;
				GCC_PRECOMPILE_PREFIX_HEADER = YES;
				GCC_PREFIX_HEADER = "";
				INFOPLIST_FILE = "REST/REST-Info.plist";
				PRODUCT_NAME = "$(TARGET_NAME)";
				WRAPPER_EXTENSION = app;
			};
			name = Release;
		};
		E8BDBFC11A116FAC00450CFF /* Debug */ = {
			isa = XCBuildConfiguration;
			buildSettings = {
				ASSETCATALOG_COMPILER_APPICON_NAME = AppIcon;
				CLANG_WARN_UNREACHABLE_CODE = YES;
				ENABLE_STRICT_OBJC_MSGSEND = YES;
				GCC_PREPROCESSOR_DEFINITIONS = (
					"DEBUG=1",
					"$(inherited)",
				);
				INFOPLIST_FILE = "$(SRCROOT)/Backlink/Backlink-Info.plist";
				LD_RUNPATH_SEARCH_PATHS = "$(inherited) @executable_path/Frameworks";
				MTL_ENABLE_DEBUG_INFO = YES;
				PRODUCT_NAME = "$(TARGET_NAME)";
			};
			name = Debug;
		};
		E8BDBFC21A116FAC00450CFF /* Release */ = {
			isa = XCBuildConfiguration;
			buildSettings = {
				ASSETCATALOG_COMPILER_APPICON_NAME = AppIcon;
				CLANG_WARN_UNREACHABLE_CODE = YES;
				ENABLE_STRICT_OBJC_MSGSEND = YES;
				INFOPLIST_FILE = "$(SRCROOT)/Backlink/Backlink-Info.plist";
				LD_RUNPATH_SEARCH_PATHS = "$(inherited) @executable_path/Frameworks";
				MTL_ENABLE_DEBUG_INFO = NO;
				PRODUCT_NAME = "$(TARGET_NAME)";
			};
			name = Release;
		};
/* End XCBuildConfiguration section */

/* Begin XCConfigurationList section */
		3F78C9C41B431CF300A0988E /* Build configuration list for PBXNativeTarget "RACTableView" */ = {
			isa = XCConfigurationList;
			buildConfigurations = (
				3F78C9C51B431CF300A0988E /* Debug */,
				3F78C9C61B431CF300A0988E /* Release */,
			);
			defaultConfigurationIsVisible = 0;
			defaultConfigurationName = Release;
		};
		C0658DD11A76CBD8002F7A84 /* Build configuration list for PBXNativeTarget "extension WatchKit App" */ = {
			isa = XCConfigurationList;
			buildConfigurations = (
				C0658DCF1A76CBD8002F7A84 /* Debug */,
				C0658DD01A76CBD8002F7A84 /* Release */,
			);
			defaultConfigurationIsVisible = 0;
			defaultConfigurationName = Release;
		};
		C0658DD21A76CBD8002F7A84 /* Build configuration list for PBXNativeTarget "extension WatchKit Extension" */ = {
			isa = XCConfigurationList;
			buildConfigurations = (
				C0658DCD1A76CBD8002F7A84 /* Debug */,
				C0658DCE1A76CBD8002F7A84 /* Release */,
			);
			defaultConfigurationIsVisible = 0;
			defaultConfigurationName = Release;
		};
		C0DC41EC1A7072680067156A /* Build configuration list for PBXNativeTarget "extension" */ = {
			isa = XCConfigurationList;
			buildConfigurations = (
				C0DC41ED1A7072680067156A /* Debug */,
				C0DC41EE1A7072680067156A /* Release */,
			);
			defaultConfigurationIsVisible = 0;
			defaultConfigurationName = Release;
		};
		C0DC42141A7079D00067156A /* Build configuration list for PBXNativeTarget "TodayExtension" */ = {
			isa = XCConfigurationList;
			buildConfigurations = (
				C0DC42151A7079D00067156A /* Debug */,
				C0DC42161A7079D00067156A /* Release */,
			);
			defaultConfigurationIsVisible = 0;
			defaultConfigurationName = Release;
		};
		E879D9D51A12AA120035E2EB /* Build configuration list for PBXNativeTarget "GroupedTableView" */ = {
			isa = XCConfigurationList;
			buildConfigurations = (
				E879D9D61A12AA120035E2EB /* Debug */,
				E879D9D71A12AA120035E2EB /* Release */,
			);
			defaultConfigurationIsVisible = 0;
			defaultConfigurationName = Release;
		};
		E8AB71A119BA502500F3EDB4 /* Build configuration list for PBXProject "RealmExamples" */ = {
			isa = XCConfigurationList;
			buildConfigurations = (
				E8AB71D019BA502500F3EDB4 /* Debug */,
				E8AB71D119BA502500F3EDB4 /* Release */,
			);
			defaultConfigurationIsVisible = 0;
			defaultConfigurationName = Release;
		};
		E8AB720019BA503500F3EDB4 /* Build configuration list for PBXNativeTarget "Simple" */ = {
			isa = XCConfigurationList;
			buildConfigurations = (
				E8AB720119BA503500F3EDB4 /* Debug */,
				E8AB720219BA503500F3EDB4 /* Release */,
			);
			defaultConfigurationIsVisible = 0;
			defaultConfigurationName = Release;
		};
		E8AB722E19BA503B00F3EDB4 /* Build configuration list for PBXNativeTarget "Migration" */ = {
			isa = XCConfigurationList;
			buildConfigurations = (
				E8AB722F19BA503B00F3EDB4 /* Debug */,
				E8AB723019BA503B00F3EDB4 /* Release */,
			);
			defaultConfigurationIsVisible = 0;
			defaultConfigurationName = Release;
		};
		E8AB725C19BA504000F3EDB4 /* Build configuration list for PBXNativeTarget "Encryption" */ = {
			isa = XCConfigurationList;
			buildConfigurations = (
				E8AB725D19BA504000F3EDB4 /* Debug */,
				E8AB725E19BA504000F3EDB4 /* Release */,
			);
			defaultConfigurationIsVisible = 0;
			defaultConfigurationName = Release;
		};
		E8AB728A19BA504500F3EDB4 /* Build configuration list for PBXNativeTarget "TableView" */ = {
			isa = XCConfigurationList;
			buildConfigurations = (
				E8AB728B19BA504500F3EDB4 /* Debug */,
				E8AB728C19BA504500F3EDB4 /* Release */,
			);
			defaultConfigurationIsVisible = 0;
			defaultConfigurationName = Release;
		};
		E8AB72B819BA504900F3EDB4 /* Build configuration list for PBXNativeTarget "REST" */ = {
			isa = XCConfigurationList;
			buildConfigurations = (
				E8AB72B919BA504900F3EDB4 /* Debug */,
				E8AB72BA19BA504900F3EDB4 /* Release */,
			);
			defaultConfigurationIsVisible = 0;
			defaultConfigurationName = Release;
		};
		E8BDBFC51A116FAC00450CFF /* Build configuration list for PBXNativeTarget "Backlink" */ = {
			isa = XCConfigurationList;
			buildConfigurations = (
				E8BDBFC11A116FAC00450CFF /* Debug */,
				E8BDBFC21A116FAC00450CFF /* Release */,
			);
			defaultConfigurationIsVisible = 0;
			defaultConfigurationName = Release;
		};
/* End XCConfigurationList section */
	};
	rootObject = E8AB719E19BA502500F3EDB4 /* Project object */;
}
