// !$*UTF8*$!
{
	archiveVersion = 1;
	classes = {
	};
	objectVersion = 46;
	objects = {

/* Begin PBXAggregateTarget section */
		420EB1AB192B791C00A2F425 /* Framework */ = {
			isa = PBXAggregateTarget;
			buildConfigurationList = 420EB1AC192B791C00A2F425 /* Build configuration list for PBXAggregateTarget "Framework" */;
			buildPhases = (
				420EB1B1192B79AB00A2F425 /* ShellScript */,
			);
			dependencies = (
				420EB1B0192B795700A2F425 /* PBXTargetDependency */,
			);
			name = Framework;
			productName = Framework;
		};
/* End PBXAggregateTarget section */

/* Begin PBXBuildFile section */
		420EB1B5192B81BB00A2F425 /* RealmCore.framework in Frameworks */ = {isa = PBXBuildFile; fileRef = 420EB1B4192B81BB00A2F425 /* RealmCore.framework */; };
		423FAD22192B608E00CDC320 /* NSData+RLMGetBinaryData.mm in Sources */ = {isa = PBXBuildFile; fileRef = 423FAD21192B608E00CDC320 /* NSData+RLMGetBinaryData.mm */; };
		423FAD38192B609E00CDC320 /* RLMAccesor.mm in Sources */ = {isa = PBXBuildFile; fileRef = 423FAD25192B609E00CDC320 /* RLMAccesor.mm */; };
		423FAD39192B609E00CDC320 /* RLMArray.mm in Sources */ = {isa = PBXBuildFile; fileRef = 423FAD27192B609E00CDC320 /* RLMArray.mm */; };
		423FAD3A192B609E00CDC320 /* RLMObject.mm in Sources */ = {isa = PBXBuildFile; fileRef = 423FAD2B192B609E00CDC320 /* RLMObject.mm */; };
		423FAD3B192B609E00CDC320 /* RLMObjectStore.mm in Sources */ = {isa = PBXBuildFile; fileRef = 423FAD2E192B609E00CDC320 /* RLMObjectStore.mm */; };
		423FAD3C192B609E00CDC320 /* RLMProperty.mm in Sources */ = {isa = PBXBuildFile; fileRef = 423FAD31192B609E00CDC320 /* RLMProperty.mm */; };
		423FAD3D192B609E00CDC320 /* RLMQueryUtil.mm in Sources */ = {isa = PBXBuildFile; fileRef = 423FAD33192B609E00CDC320 /* RLMQueryUtil.mm */; };
		423FAD3E192B609E00CDC320 /* RLMRealm.mm in Sources */ = {isa = PBXBuildFile; fileRef = 423FAD35192B609E00CDC320 /* RLMRealm.mm */; };
		423FAD3F192B609E00CDC320 /* RLMUtil.mm in Sources */ = {isa = PBXBuildFile; fileRef = 423FAD37192B609E00CDC320 /* RLMUtil.mm */; };
		423FAD4F192B752E00CDC320 /* Realm.h in Headers */ = {isa = PBXBuildFile; fileRef = 423FAD23192B609E00CDC320 /* Realm.h */; settings = {ATTRIBUTES = (Public, ); }; };
		423FAD50192B752E00CDC320 /* RLMAccesor.h in Headers */ = {isa = PBXBuildFile; fileRef = 423FAD24192B609E00CDC320 /* RLMAccesor.h */; settings = {ATTRIBUTES = (Public, ); }; };
		423FAD51192B752E00CDC320 /* RLMArray.h in Headers */ = {isa = PBXBuildFile; fileRef = 423FAD26192B609E00CDC320 /* RLMArray.h */; settings = {ATTRIBUTES = (Public, ); }; };
		423FAD52192B752E00CDC320 /* RLMConstants.h in Headers */ = {isa = PBXBuildFile; fileRef = 423FAD28192B609E00CDC320 /* RLMConstants.h */; settings = {ATTRIBUTES = (Public, ); }; };
		423FAD53192B752E00CDC320 /* RLMMigration.h in Headers */ = {isa = PBXBuildFile; fileRef = 423FAD29192B609E00CDC320 /* RLMMigration.h */; settings = {ATTRIBUTES = (Public, ); }; };
		423FAD54192B752E00CDC320 /* RLMObject.h in Headers */ = {isa = PBXBuildFile; fileRef = 423FAD2A192B609E00CDC320 /* RLMObject.h */; settings = {ATTRIBUTES = (Public, ); }; };
		423FAD55192B752E00CDC320 /* RLMObjectDescriptor.h in Headers */ = {isa = PBXBuildFile; fileRef = 423FAD2C192B609E00CDC320 /* RLMObjectDescriptor.h */; settings = {ATTRIBUTES = (Public, ); }; };
		423FAD56192B752E00CDC320 /* RLMObjectStore.h in Headers */ = {isa = PBXBuildFile; fileRef = 423FAD2D192B609E00CDC320 /* RLMObjectStore.h */; settings = {ATTRIBUTES = (Public, ); }; };
		423FAD57192B752E00CDC320 /* RLMPrivate.hpp in Headers */ = {isa = PBXBuildFile; fileRef = 423FAD2F192B609E00CDC320 /* RLMPrivate.hpp */; settings = {ATTRIBUTES = (Private, ); }; };
		423FAD58192B752E00CDC320 /* RLMProperty.h in Headers */ = {isa = PBXBuildFile; fileRef = 423FAD30192B609E00CDC320 /* RLMProperty.h */; settings = {ATTRIBUTES = (Public, ); }; };
		423FAD59192B752E00CDC320 /* RLMQueryUtil.h in Headers */ = {isa = PBXBuildFile; fileRef = 423FAD32192B609E00CDC320 /* RLMQueryUtil.h */; settings = {ATTRIBUTES = (Public, ); }; };
		423FAD5A192B752E00CDC320 /* RLMRealm.h in Headers */ = {isa = PBXBuildFile; fileRef = 423FAD34192B609E00CDC320 /* RLMRealm.h */; settings = {ATTRIBUTES = (Public, ); }; };
		423FAD5B192B752E00CDC320 /* RLMUtil.h in Headers */ = {isa = PBXBuildFile; fileRef = 423FAD36192B609E00CDC320 /* RLMUtil.h */; settings = {ATTRIBUTES = (Public, ); }; };
		423FAD5C192B752E00CDC320 /* NSData+RLMGetBinaryData.h in Headers */ = {isa = PBXBuildFile; fileRef = 423FAD20192B608D00CDC320 /* NSData+RLMGetBinaryData.h */; settings = {ATTRIBUTES = (Public, ); }; };
		42B68BCC192B96AA00E325F9 /* LinkTests.m in Sources */ = {isa = PBXBuildFile; fileRef = 42B68BCB192B96AA00E325F9 /* LinkTests.m */; };
		42B68BD4192B96C800E325F9 /* ObjectTests.m in Sources */ = {isa = PBXBuildFile; fileRef = 42B68BCD192B96C800E325F9 /* ObjectTests.m */; };
		42B68BD5192B96C800E325F9 /* QueryTests.m in Sources */ = {isa = PBXBuildFile; fileRef = 42B68BCE192B96C800E325F9 /* QueryTests.m */; };
		42B68BD6192B96C800E325F9 /* RealmTests.m in Sources */ = {isa = PBXBuildFile; fileRef = 42B68BCF192B96C800E325F9 /* RealmTests.m */; };
		42B68BD7192B96C800E325F9 /* RLMTestCase.m in Sources */ = {isa = PBXBuildFile; fileRef = 42B68BD1192B96C800E325F9 /* RLMTestCase.m */; };
		42B68BD8192B96C800E325F9 /* XCTestCase+AsyncTesting.m in Sources */ = {isa = PBXBuildFile; fileRef = 42B68BD3192B96C800E325F9 /* XCTestCase+AsyncTesting.m */; };
		42B68BDB192B96E000E325F9 /* RLMConstants.m in Sources */ = {isa = PBXBuildFile; fileRef = 42B68BD9192B96E000E325F9 /* RLMConstants.m */; };
		42B68BDC192B96E000E325F9 /* RLMObjectDescriptor.m in Sources */ = {isa = PBXBuildFile; fileRef = 42B68BDA192B96E000E325F9 /* RLMObjectDescriptor.m */; };
		42B68BDD192B982300E325F9 /* RealmCore.framework in Frameworks */ = {isa = PBXBuildFile; fileRef = 420EB1B4192B81BB00A2F425 /* RealmCore.framework */; };
		42D1F306192CBA13007D5B97 /* libstdc++.6.dylib in Frameworks */ = {isa = PBXBuildFile; fileRef = 42D1F305192CBA13007D5B97 /* libstdc++.6.dylib */; };
		42D48820192B5F0300F50523 /* Foundation.framework in Frameworks */ = {isa = PBXBuildFile; fileRef = 42D4881F192B5F0300F50523 /* Foundation.framework */; };
		42D4882E192B5F0300F50523 /* XCTest.framework in Frameworks */ = {isa = PBXBuildFile; fileRef = 42D4882D192B5F0300F50523 /* XCTest.framework */; };
		42D4882F192B5F0300F50523 /* Foundation.framework in Frameworks */ = {isa = PBXBuildFile; fileRef = 42D4881F192B5F0300F50523 /* Foundation.framework */; };
		42D48831192B5F0300F50523 /* UIKit.framework in Frameworks */ = {isa = PBXBuildFile; fileRef = 42D48830192B5F0300F50523 /* UIKit.framework */; };
		42D48834192B5F0300F50523 /* libRealm.a in Frameworks */ = {isa = PBXBuildFile; fileRef = 42D4881C192B5F0300F50523 /* libRealm.a */; };
/* End PBXBuildFile section */

/* Begin PBXContainerItemProxy section */
		420EB1AF192B795700A2F425 /* PBXContainerItemProxy */ = {
			isa = PBXContainerItemProxy;
			containerPortal = 42D48814192B5F0300F50523 /* Project object */;
			proxyType = 1;
			remoteGlobalIDString = 42D4881B192B5F0300F50523;
			remoteInfo = Realm;
		};
		42D48832192B5F0300F50523 /* PBXContainerItemProxy */ = {
			isa = PBXContainerItemProxy;
			containerPortal = 42D48814192B5F0300F50523 /* Project object */;
			proxyType = 1;
			remoteGlobalIDString = 42D4881B192B5F0300F50523;
			remoteInfo = Realm;
		};
/* End PBXContainerItemProxy section */

/* Begin PBXCopyFilesBuildPhase section */
		42D4881A192B5F0300F50523 /* CopyFiles */ = {
			isa = PBXCopyFilesBuildPhase;
			buildActionMask = 2147483647;
			dstPath = "include/$(PRODUCT_NAME)";
			dstSubfolderSpec = 16;
			files = (
			);
			runOnlyForDeploymentPostprocessing = 0;
		};
/* End PBXCopyFilesBuildPhase section */

/* Begin PBXFileReference section */
		420EB1B2192B819200A2F425 /* libPods-realm core.a */ = {isa = PBXFileReference; lastKnownFileType = archive.ar; name = "libPods-realm core.a"; path = "Pods/build/Debug-iphoneos/libPods-realm core.a"; sourceTree = "<group>"; };
		420EB1B4192B81BB00A2F425 /* RealmCore.framework */ = {isa = PBXFileReference; lastKnownFileType = wrapper.framework; name = RealmCore.framework; path = "Pods/realm core/RealmCore.framework"; sourceTree = "<group>"; };
		423FAD20192B608D00CDC320 /* NSData+RLMGetBinaryData.h */ = {isa = PBXFileReference; fileEncoding = 4; lastKnownFileType = sourcecode.c.h; path = "NSData+RLMGetBinaryData.h"; sourceTree = "<group>"; };
		423FAD21192B608E00CDC320 /* NSData+RLMGetBinaryData.mm */ = {isa = PBXFileReference; fileEncoding = 4; lastKnownFileType = sourcecode.cpp.objcpp; path = "NSData+RLMGetBinaryData.mm"; sourceTree = "<group>"; };
		423FAD23192B609E00CDC320 /* Realm.h */ = {isa = PBXFileReference; fileEncoding = 4; lastKnownFileType = sourcecode.c.h; path = Realm.h; sourceTree = "<group>"; };
		423FAD24192B609E00CDC320 /* RLMAccesor.h */ = {isa = PBXFileReference; fileEncoding = 4; lastKnownFileType = sourcecode.c.h; path = RLMAccesor.h; sourceTree = "<group>"; };
		423FAD25192B609E00CDC320 /* RLMAccesor.mm */ = {isa = PBXFileReference; fileEncoding = 4; lastKnownFileType = sourcecode.cpp.objcpp; path = RLMAccesor.mm; sourceTree = "<group>"; };
		423FAD26192B609E00CDC320 /* RLMArray.h */ = {isa = PBXFileReference; fileEncoding = 4; lastKnownFileType = sourcecode.c.h; path = RLMArray.h; sourceTree = "<group>"; };
		423FAD27192B609E00CDC320 /* RLMArray.mm */ = {isa = PBXFileReference; fileEncoding = 4; lastKnownFileType = sourcecode.cpp.objcpp; path = RLMArray.mm; sourceTree = "<group>"; };
		423FAD28192B609E00CDC320 /* RLMConstants.h */ = {isa = PBXFileReference; fileEncoding = 4; lastKnownFileType = sourcecode.c.h; path = RLMConstants.h; sourceTree = "<group>"; };
		423FAD29192B609E00CDC320 /* RLMMigration.h */ = {isa = PBXFileReference; fileEncoding = 4; lastKnownFileType = sourcecode.c.h; path = RLMMigration.h; sourceTree = "<group>"; };
		423FAD2A192B609E00CDC320 /* RLMObject.h */ = {isa = PBXFileReference; fileEncoding = 4; lastKnownFileType = sourcecode.c.h; path = RLMObject.h; sourceTree = "<group>"; };
		423FAD2B192B609E00CDC320 /* RLMObject.mm */ = {isa = PBXFileReference; fileEncoding = 4; lastKnownFileType = sourcecode.cpp.objcpp; path = RLMObject.mm; sourceTree = "<group>"; };
		423FAD2C192B609E00CDC320 /* RLMObjectDescriptor.h */ = {isa = PBXFileReference; fileEncoding = 4; lastKnownFileType = sourcecode.c.h; path = RLMObjectDescriptor.h; sourceTree = "<group>"; };
		423FAD2D192B609E00CDC320 /* RLMObjectStore.h */ = {isa = PBXFileReference; fileEncoding = 4; lastKnownFileType = sourcecode.c.h; path = RLMObjectStore.h; sourceTree = "<group>"; };
		423FAD2E192B609E00CDC320 /* RLMObjectStore.mm */ = {isa = PBXFileReference; fileEncoding = 4; lastKnownFileType = sourcecode.cpp.objcpp; path = RLMObjectStore.mm; sourceTree = "<group>"; };
		423FAD2F192B609E00CDC320 /* RLMPrivate.hpp */ = {isa = PBXFileReference; fileEncoding = 4; lastKnownFileType = sourcecode.cpp.h; path = RLMPrivate.hpp; sourceTree = "<group>"; };
		423FAD30192B609E00CDC320 /* RLMProperty.h */ = {isa = PBXFileReference; fileEncoding = 4; lastKnownFileType = sourcecode.c.h; path = RLMProperty.h; sourceTree = "<group>"; };
		423FAD31192B609E00CDC320 /* RLMProperty.mm */ = {isa = PBXFileReference; fileEncoding = 4; lastKnownFileType = sourcecode.cpp.objcpp; path = RLMProperty.mm; sourceTree = "<group>"; };
		423FAD32192B609E00CDC320 /* RLMQueryUtil.h */ = {isa = PBXFileReference; fileEncoding = 4; lastKnownFileType = sourcecode.c.h; path = RLMQueryUtil.h; sourceTree = "<group>"; };
		423FAD33192B609E00CDC320 /* RLMQueryUtil.mm */ = {isa = PBXFileReference; fileEncoding = 4; lastKnownFileType = sourcecode.cpp.objcpp; path = RLMQueryUtil.mm; sourceTree = "<group>"; };
		423FAD34192B609E00CDC320 /* RLMRealm.h */ = {isa = PBXFileReference; fileEncoding = 4; lastKnownFileType = sourcecode.c.h; path = RLMRealm.h; sourceTree = "<group>"; };
		423FAD35192B609E00CDC320 /* RLMRealm.mm */ = {isa = PBXFileReference; fileEncoding = 4; lastKnownFileType = sourcecode.cpp.objcpp; path = RLMRealm.mm; sourceTree = "<group>"; };
		423FAD36192B609E00CDC320 /* RLMUtil.h */ = {isa = PBXFileReference; fileEncoding = 4; lastKnownFileType = sourcecode.c.h; path = RLMUtil.h; sourceTree = "<group>"; };
		423FAD37192B609E00CDC320 /* RLMUtil.mm */ = {isa = PBXFileReference; fileEncoding = 4; lastKnownFileType = sourcecode.cpp.objcpp; path = RLMUtil.mm; sourceTree = "<group>"; };
		42B68BCB192B96AA00E325F9 /* LinkTests.m */ = {isa = PBXFileReference; fileEncoding = 4; lastKnownFileType = sourcecode.c.objc; name = LinkTests.m; path = Realm/Tests/LinkTests.m; sourceTree = "<group>"; };
		42B68BCD192B96C800E325F9 /* ObjectTests.m */ = {isa = PBXFileReference; fileEncoding = 4; lastKnownFileType = sourcecode.c.objc; name = ObjectTests.m; path = Realm/Tests/ObjectTests.m; sourceTree = "<group>"; };
		42B68BCE192B96C800E325F9 /* QueryTests.m */ = {isa = PBXFileReference; fileEncoding = 4; lastKnownFileType = sourcecode.c.objc; name = QueryTests.m; path = Realm/Tests/QueryTests.m; sourceTree = "<group>"; };
		42B68BCF192B96C800E325F9 /* RealmTests.m */ = {isa = PBXFileReference; fileEncoding = 4; lastKnownFileType = sourcecode.c.objc; name = RealmTests.m; path = Realm/Tests/RealmTests.m; sourceTree = "<group>"; };
		42B68BD0192B96C800E325F9 /* RLMTestCase.h */ = {isa = PBXFileReference; fileEncoding = 4; lastKnownFileType = sourcecode.c.h; name = RLMTestCase.h; path = Realm/Tests/RLMTestCase.h; sourceTree = "<group>"; };
		42B68BD1192B96C800E325F9 /* RLMTestCase.m */ = {isa = PBXFileReference; fileEncoding = 4; lastKnownFileType = sourcecode.c.objc; name = RLMTestCase.m; path = Realm/Tests/RLMTestCase.m; sourceTree = "<group>"; };
		42B68BD2192B96C800E325F9 /* XCTestCase+AsyncTesting.h */ = {isa = PBXFileReference; fileEncoding = 4; lastKnownFileType = sourcecode.c.h; name = "XCTestCase+AsyncTesting.h"; path = "Realm/Tests/XCTestCase+AsyncTesting.h"; sourceTree = "<group>"; };
		42B68BD3192B96C800E325F9 /* XCTestCase+AsyncTesting.m */ = {isa = PBXFileReference; fileEncoding = 4; lastKnownFileType = sourcecode.c.objc; name = "XCTestCase+AsyncTesting.m"; path = "Realm/Tests/XCTestCase+AsyncTesting.m"; sourceTree = "<group>"; };
		42B68BD9192B96E000E325F9 /* RLMConstants.m */ = {isa = PBXFileReference; fileEncoding = 4; lastKnownFileType = sourcecode.c.objc; path = RLMConstants.m; sourceTree = "<group>"; };
		42B68BDA192B96E000E325F9 /* RLMObjectDescriptor.m */ = {isa = PBXFileReference; fileEncoding = 4; lastKnownFileType = sourcecode.c.objc; path = RLMObjectDescriptor.m; sourceTree = "<group>"; };
		42D1F305192CBA13007D5B97 /* libstdc++.6.dylib */ = {isa = PBXFileReference; lastKnownFileType = "compiled.mach-o.dylib"; name = "libstdc++.6.dylib"; path = "usr/lib/libstdc++.6.dylib"; sourceTree = SDKROOT; };
		42D4881C192B5F0300F50523 /* libRealm.a */ = {isa = PBXFileReference; explicitFileType = archive.ar; includeInIndex = 0; path = libRealm.a; sourceTree = BUILT_PRODUCTS_DIR; };
		42D4881F192B5F0300F50523 /* Foundation.framework */ = {isa = PBXFileReference; lastKnownFileType = wrapper.framework; name = Foundation.framework; path = System/Library/Frameworks/Foundation.framework; sourceTree = SDKROOT; };
		42D48823192B5F0300F50523 /* Realm-Prefix.pch */ = {isa = PBXFileReference; lastKnownFileType = sourcecode.c.h; path = "Realm-Prefix.pch"; sourceTree = "<group>"; };
		42D4882C192B5F0300F50523 /* RealmTests.xctest */ = {isa = PBXFileReference; explicitFileType = wrapper.cfbundle; includeInIndex = 0; path = RealmTests.xctest; sourceTree = BUILT_PRODUCTS_DIR; };
		42D4882D192B5F0300F50523 /* XCTest.framework */ = {isa = PBXFileReference; lastKnownFileType = wrapper.framework; name = XCTest.framework; path = Library/Frameworks/XCTest.framework; sourceTree = DEVELOPER_DIR; };
		42D48830192B5F0300F50523 /* UIKit.framework */ = {isa = PBXFileReference; lastKnownFileType = wrapper.framework; name = UIKit.framework; path = Library/Frameworks/UIKit.framework; sourceTree = DEVELOPER_DIR; };
		4B593DD048A64DA2BAA7A77B /* Pods.xcconfig */ = {isa = PBXFileReference; includeInIndex = 1; lastKnownFileType = text.xcconfig; name = Pods.xcconfig; path = Pods/Pods.xcconfig; sourceTree = "<group>"; };
		CB0E01DDA6644848803E5587 /* libPods.a */ = {isa = PBXFileReference; explicitFileType = archive.ar; includeInIndex = 0; path = libPods.a; sourceTree = BUILT_PRODUCTS_DIR; };
/* End PBXFileReference section */

/* Begin PBXFrameworksBuildPhase section */
		42D48819192B5F0300F50523 /* Frameworks */ = {
			isa = PBXFrameworksBuildPhase;
			buildActionMask = 2147483647;
			files = (
				42D48820192B5F0300F50523 /* Foundation.framework in Frameworks */,
				420EB1B5192B81BB00A2F425 /* RealmCore.framework in Frameworks */,
			);
			runOnlyForDeploymentPostprocessing = 0;
		};
		42D48829192B5F0300F50523 /* Frameworks */ = {
			isa = PBXFrameworksBuildPhase;
			buildActionMask = 2147483647;
			files = (
				42D1F306192CBA13007D5B97 /* libstdc++.6.dylib in Frameworks */,
				42D4882E192B5F0300F50523 /* XCTest.framework in Frameworks */,
				42D48834192B5F0300F50523 /* libRealm.a in Frameworks */,
				42D48831192B5F0300F50523 /* UIKit.framework in Frameworks */,
				42D4882F192B5F0300F50523 /* Foundation.framework in Frameworks */,
				42B68BDD192B982300E325F9 /* RealmCore.framework in Frameworks */,
			);
			runOnlyForDeploymentPostprocessing = 0;
		};
/* End PBXFrameworksBuildPhase section */

/* Begin PBXGroup section */
		42B68BCA192B968500E325F9 /* RealmTests */ = {
			isa = PBXGroup;
			children = (
				42B68BCD192B96C800E325F9 /* ObjectTests.m */,
				42B68BCE192B96C800E325F9 /* QueryTests.m */,
				42B68BCF192B96C800E325F9 /* RealmTests.m */,
				42B68BD0192B96C800E325F9 /* RLMTestCase.h */,
				42B68BD1192B96C800E325F9 /* RLMTestCase.m */,
				42B68BD2192B96C800E325F9 /* XCTestCase+AsyncTesting.h */,
				42B68BD3192B96C800E325F9 /* XCTestCase+AsyncTesting.m */,
				42B68BCB192B96AA00E325F9 /* LinkTests.m */,
			);
			name = RealmTests;
			sourceTree = "<group>";
		};
		42D48813192B5F0300F50523 = {
			isa = PBXGroup;
			children = (
				42B68BCA192B968500E325F9 /* RealmTests */,
				42D48821192B5F0300F50523 /* Realm */,
				42D4881E192B5F0300F50523 /* Frameworks */,
				42D4881D192B5F0300F50523 /* Products */,
				4B593DD048A64DA2BAA7A77B /* Pods.xcconfig */,
			);
			sourceTree = "<group>";
		};
		42D4881D192B5F0300F50523 /* Products */ = {
			isa = PBXGroup;
			children = (
				42D4881C192B5F0300F50523 /* libRealm.a */,
				42D4882C192B5F0300F50523 /* RealmTests.xctest */,
			);
			name = Products;
			sourceTree = "<group>";
		};
		42D4881E192B5F0300F50523 /* Frameworks */ = {
			isa = PBXGroup;
			children = (
				42D1F305192CBA13007D5B97 /* libstdc++.6.dylib */,
				420EB1B4192B81BB00A2F425 /* RealmCore.framework */,
				420EB1B2192B819200A2F425 /* libPods-realm core.a */,
				42D4881F192B5F0300F50523 /* Foundation.framework */,
				42D4882D192B5F0300F50523 /* XCTest.framework */,
				42D48830192B5F0300F50523 /* UIKit.framework */,
				CB0E01DDA6644848803E5587 /* libPods.a */,
			);
			name = Frameworks;
			sourceTree = "<group>";
		};
		42D48821192B5F0300F50523 /* Realm */ = {
			isa = PBXGroup;
			children = (
				42B68BD9192B96E000E325F9 /* RLMConstants.m */,
				42B68BDA192B96E000E325F9 /* RLMObjectDescriptor.m */,
				423FAD23192B609E00CDC320 /* Realm.h */,
				423FAD24192B609E00CDC320 /* RLMAccesor.h */,
				423FAD25192B609E00CDC320 /* RLMAccesor.mm */,
				423FAD26192B609E00CDC320 /* RLMArray.h */,
				423FAD27192B609E00CDC320 /* RLMArray.mm */,
				423FAD28192B609E00CDC320 /* RLMConstants.h */,
				423FAD29192B609E00CDC320 /* RLMMigration.h */,
				423FAD2A192B609E00CDC320 /* RLMObject.h */,
				423FAD2B192B609E00CDC320 /* RLMObject.mm */,
				423FAD2C192B609E00CDC320 /* RLMObjectDescriptor.h */,
				423FAD2D192B609E00CDC320 /* RLMObjectStore.h */,
				423FAD2E192B609E00CDC320 /* RLMObjectStore.mm */,
				423FAD2F192B609E00CDC320 /* RLMPrivate.hpp */,
				423FAD30192B609E00CDC320 /* RLMProperty.h */,
				423FAD31192B609E00CDC320 /* RLMProperty.mm */,
				423FAD32192B609E00CDC320 /* RLMQueryUtil.h */,
				423FAD33192B609E00CDC320 /* RLMQueryUtil.mm */,
				423FAD34192B609E00CDC320 /* RLMRealm.h */,
				423FAD35192B609E00CDC320 /* RLMRealm.mm */,
				423FAD36192B609E00CDC320 /* RLMUtil.h */,
				423FAD37192B609E00CDC320 /* RLMUtil.mm */,
				423FAD20192B608D00CDC320 /* NSData+RLMGetBinaryData.h */,
				423FAD21192B608E00CDC320 /* NSData+RLMGetBinaryData.mm */,
				42D48822192B5F0300F50523 /* Supporting Files */,
			);
			path = Realm;
			sourceTree = "<group>";
		};
		42D48822192B5F0300F50523 /* Supporting Files */ = {
			isa = PBXGroup;
			children = (
				42D48823192B5F0300F50523 /* Realm-Prefix.pch */,
			);
			name = "Supporting Files";
			sourceTree = "<group>";
		};
/* End PBXGroup section */

/* Begin PBXHeadersBuildPhase section */
		423FAD4E192B74CC00CDC320 /* Headers */ = {
			isa = PBXHeadersBuildPhase;
			buildActionMask = 2147483647;
			files = (
				423FAD4F192B752E00CDC320 /* Realm.h in Headers */,
				423FAD50192B752E00CDC320 /* RLMAccesor.h in Headers */,
				423FAD52192B752E00CDC320 /* RLMConstants.h in Headers */,
				423FAD53192B752E00CDC320 /* RLMMigration.h in Headers */,
				423FAD54192B752E00CDC320 /* RLMObject.h in Headers */,
				423FAD59192B752E00CDC320 /* RLMQueryUtil.h in Headers */,
				423FAD55192B752E00CDC320 /* RLMObjectDescriptor.h in Headers */,
				423FAD56192B752E00CDC320 /* RLMObjectStore.h in Headers */,
				423FAD5A192B752E00CDC320 /* RLMRealm.h in Headers */,
				423FAD5B192B752E00CDC320 /* RLMUtil.h in Headers */,
				423FAD58192B752E00CDC320 /* RLMProperty.h in Headers */,
				423FAD5C192B752E00CDC320 /* NSData+RLMGetBinaryData.h in Headers */,
				423FAD51192B752E00CDC320 /* RLMArray.h in Headers */,
				423FAD57192B752E00CDC320 /* RLMPrivate.hpp in Headers */,
			);
			runOnlyForDeploymentPostprocessing = 0;
		};
/* End PBXHeadersBuildPhase section */

/* Begin PBXNativeTarget section */
		42D4881B192B5F0300F50523 /* Realm */ = {
			isa = PBXNativeTarget;
			buildConfigurationList = 42D4883F192B5F0300F50523 /* Build configuration list for PBXNativeTarget "Realm" */;
			buildPhases = (
				17FE063FD8F54568AA9FB745 /* Check Pods Manifest.lock */,
				42D48818192B5F0300F50523 /* Sources */,
				42D48819192B5F0300F50523 /* Frameworks */,
				42D4881A192B5F0300F50523 /* CopyFiles */,
				C724B071A9C3409E9516597E /* Copy Pods Resources */,
				423FAD4E192B74CC00CDC320 /* Headers */,
				420EB1AA192B759800A2F425 /* ShellScript */,
			);
			buildRules = (
			);
			dependencies = (
			);
			name = Realm;
			productName = Realm;
			productReference = 42D4881C192B5F0300F50523 /* libRealm.a */;
			productType = "com.apple.product-type.library.static";
		};
		42D4882B192B5F0300F50523 /* RealmTests */ = {
			isa = PBXNativeTarget;
			buildConfigurationList = 42D48842192B5F0300F50523 /* Build configuration list for PBXNativeTarget "RealmTests" */;
			buildPhases = (
				42D48828192B5F0300F50523 /* Sources */,
				42D48829192B5F0300F50523 /* Frameworks */,
				42D4882A192B5F0300F50523 /* Resources */,
			);
			buildRules = (
			);
			dependencies = (
				42D48833192B5F0300F50523 /* PBXTargetDependency */,
			);
			name = RealmTests;
			productName = RealmTests;
			productReference = 42D4882C192B5F0300F50523 /* RealmTests.xctest */;
			productType = "com.apple.product-type.bundle.unit-test";
		};
/* End PBXNativeTarget section */

/* Begin PBXProject section */
		42D48814192B5F0300F50523 /* Project object */ = {
			isa = PBXProject;
			attributes = {
				LastUpgradeCheck = 0510;
				ORGANIZATIONNAME = realm;
			};
			buildConfigurationList = 42D48817192B5F0300F50523 /* Build configuration list for PBXProject "Realm" */;
			compatibilityVersion = "Xcode 3.2";
			developmentRegion = English;
			hasScannedForEncodings = 0;
			knownRegions = (
				en,
			);
			mainGroup = 42D48813192B5F0300F50523;
			productRefGroup = 42D4881D192B5F0300F50523 /* Products */;
			projectDirPath = "";
			projectRoot = "";
			targets = (
				42D4881B192B5F0300F50523 /* Realm */,
				42D4882B192B5F0300F50523 /* RealmTests */,
				420EB1AB192B791C00A2F425 /* Framework */,
			);
		};
/* End PBXProject section */

/* Begin PBXResourcesBuildPhase section */
		42D4882A192B5F0300F50523 /* Resources */ = {
			isa = PBXResourcesBuildPhase;
			buildActionMask = 2147483647;
			files = (
			);
			runOnlyForDeploymentPostprocessing = 0;
		};
/* End PBXResourcesBuildPhase section */

/* Begin PBXShellScriptBuildPhase section */
		17FE063FD8F54568AA9FB745 /* Check Pods Manifest.lock */ = {
			isa = PBXShellScriptBuildPhase;
			buildActionMask = 2147483647;
			files = (
			);
			inputPaths = (
			);
			name = "Check Pods Manifest.lock";
			outputPaths = (
			);
			runOnlyForDeploymentPostprocessing = 0;
			shellPath = /bin/sh;
			shellScript = "diff \"${PODS_ROOT}/../Podfile.lock\" \"${PODS_ROOT}/Manifest.lock\" > /dev/null\nif [[ $? != 0 ]] ; then\n    cat << EOM\nerror: The sandbox is not in sync with the Podfile.lock. Run 'pod install' or update your CocoaPods installation.\nEOM\n    exit 1\nfi\n";
			showEnvVarsInLog = 0;
		};
		420EB1AA192B759800A2F425 /* ShellScript */ = {
			isa = PBXShellScriptBuildPhase;
			buildActionMask = 2147483647;
			files = (
			);
			inputPaths = (
			);
			outputPaths = (
			);
			runOnlyForDeploymentPostprocessing = 0;
			shellPath = /bin/sh;
			shellScript = "set -e\n\nmkdir -p \"${BUILT_PRODUCTS_DIR}/${PRODUCT_NAME}.framework/Versions/A/Headers\"\n\n# Link the \"Current\" version to \"A\"\n/bin/ln -sfh A \"${BUILT_PRODUCTS_DIR}/${PRODUCT_NAME}.framework/Versions/Current\"\n/bin/ln -sfh Versions/Current/Headers \"${BUILT_PRODUCTS_DIR}/${PRODUCT_NAME}.framework/Headers\"\n/bin/ln -sfh \"Versions/Current/${PRODUCT_NAME}\" \"${BUILT_PRODUCTS_DIR}/${PRODUCT_NAME}.framework/${PRODUCT_NAME}\"\n\n# The -a ensures that the headers maintain the source modification date so that we don't constantly\n# cause propagating rebuilds of files that import these headers.\n/bin/cp -a \"${TARGET_BUILD_DIR}/${PUBLIC_HEADERS_FOLDER_PATH}/\" \"${BUILT_PRODUCTS_DIR}/${PRODUCT_NAME}.framework/Versions/A/Headers\"";
		};
		420EB1B1192B79AB00A2F425 /* ShellScript */ = {
			isa = PBXShellScriptBuildPhase;
			buildActionMask = 2147483647;
			files = (
			);
			inputPaths = (
			);
			outputPaths = (
			);
			runOnlyForDeploymentPostprocessing = 0;
			shellPath = /bin/sh;
			shellScript = "set -e\nset +u\n# Avoid recursively calling this script.\nif [[ $SF_MASTER_SCRIPT_RUNNING ]]\nthen\n  exit 0\nfi\nset -u\nexport SF_MASTER_SCRIPT_RUNNING=1\n\nSF_TARGET_NAME=${PROJECT_NAME}\nSF_EXECUTABLE_PATH=\"lib${SF_TARGET_NAME}.a\"\nSF_WRAPPER_NAME=\"${SF_TARGET_NAME}.framework\"\n\n# The following conditionals come from\n# https://github.com/kstenerud/iOS-Universal-Framework\n\nif [[ \"$SDK_NAME\" =~ ([A-Za-z]+) ]]\nthen\n  SF_SDK_PLATFORM=${BASH_REMATCH[1]}\nelse\n  echo \"Could not find platform name from SDK_NAME: $SDK_NAME\"\n  exit 1\nfi\n\nif [[ \"$SDK_NAME\" =~ ([0-9]+.*$) ]]\nthen\n  SF_SDK_VERSION=${BASH_REMATCH[1]}\nelse\n  echo \"Could not find sdk version from SDK_NAME: $SDK_NAME\"\n  exit 1\nfi\n\nif [[ \"$SF_SDK_PLATFORM\" = \"iphoneos\" ]]\nthen\n  SF_OTHER_PLATFORM=iphonesimulator\nelse\n  SF_OTHER_PLATFORM=iphoneos\nfi\n\nif [[ \"$BUILT_PRODUCTS_DIR\" =~ (.*)$SF_SDK_PLATFORM$ ]]\nthen\n  SF_OTHER_BUILT_PRODUCTS_DIR=\"${BASH_REMATCH[1]}${SF_OTHER_PLATFORM}\"\nelse\n  echo \"Could not find platform name from build products directory: $BUILT_PRODUCTS_DIR\"\n  exit 1\nfi\n\n# Build the other platform.\nxcrun xcodebuild -project \"${PROJECT_FILE_PATH}\" -target \"${TARGET_NAME}\" -configuration \"${CONFIGURATION}\" -sdk ${SF_OTHER_PLATFORM}${SF_SDK_VERSION} BUILD_DIR=\"${BUILD_DIR}\" OBJROOT=\"${OBJROOT}\" BUILD_ROOT=\"${BUILD_ROOT}\" SYMROOT=\"${SYMROOT}\" $ACTION\n\n# Smash the two static libraries into one fat binary and store it in the .framework\nxcrun lipo -create \"${BUILT_PRODUCTS_DIR}/${SF_EXECUTABLE_PATH}\" \"${SF_OTHER_BUILT_PRODUCTS_DIR}/${SF_EXECUTABLE_PATH}\" -output \"${BUILT_PRODUCTS_DIR}/${SF_WRAPPER_NAME}/Versions/A/${SF_TARGET_NAME}\"\n\n# Copy the binary to the other architecture folder to have a complete framework in both.\ncp -a \"${BUILT_PRODUCTS_DIR}/${SF_WRAPPER_NAME}/Versions/A/${SF_TARGET_NAME}\" \"${SF_OTHER_BUILT_PRODUCTS_DIR}/${SF_WRAPPER_NAME}/Versions/A/${SF_TARGET_NAME}\"\n";
		};
		C724B071A9C3409E9516597E /* Copy Pods Resources */ = {
			isa = PBXShellScriptBuildPhase;
			buildActionMask = 2147483647;
			files = (
			);
			inputPaths = (
			);
			name = "Copy Pods Resources";
			outputPaths = (
			);
			runOnlyForDeploymentPostprocessing = 0;
			shellPath = /bin/sh;
			shellScript = "\"${SRCROOT}/Pods/Pods-resources.sh\"\n";
			showEnvVarsInLog = 0;
		};
/* End PBXShellScriptBuildPhase section */

/* Begin PBXSourcesBuildPhase section */
		42D48818192B5F0300F50523 /* Sources */ = {
			isa = PBXSourcesBuildPhase;
			buildActionMask = 2147483647;
			files = (
				423FAD38192B609E00CDC320 /* RLMAccesor.mm in Sources */,
				423FAD39192B609E00CDC320 /* RLMArray.mm in Sources */,
				423FAD3F192B609E00CDC320 /* RLMUtil.mm in Sources */,
				423FAD3C192B609E00CDC320 /* RLMProperty.mm in Sources */,
				423FAD3A192B609E00CDC320 /* RLMObject.mm in Sources */,
				42B68BDB192B96E000E325F9 /* RLMConstants.m in Sources */,
				423FAD3D192B609E00CDC320 /* RLMQueryUtil.mm in Sources */,
				423FAD3B192B609E00CDC320 /* RLMObjectStore.mm in Sources */,
				42B68BDC192B96E000E325F9 /* RLMObjectDescriptor.m in Sources */,
				423FAD22192B608E00CDC320 /* NSData+RLMGetBinaryData.mm in Sources */,
				423FAD3E192B609E00CDC320 /* RLMRealm.mm in Sources */,
			);
			runOnlyForDeploymentPostprocessing = 0;
		};
		42D48828192B5F0300F50523 /* Sources */ = {
			isa = PBXSourcesBuildPhase;
			buildActionMask = 2147483647;
			files = (
				42B68BD5192B96C800E325F9 /* QueryTests.m in Sources */,
				42B68BD4192B96C800E325F9 /* ObjectTests.m in Sources */,
				42B68BCC192B96AA00E325F9 /* LinkTests.m in Sources */,
				42B68BD7192B96C800E325F9 /* RLMTestCase.m in Sources */,
				42B68BD8192B96C800E325F9 /* XCTestCase+AsyncTesting.m in Sources */,
				42B68BD6192B96C800E325F9 /* RealmTests.m in Sources */,
			);
			runOnlyForDeploymentPostprocessing = 0;
		};
/* End PBXSourcesBuildPhase section */

/* Begin PBXTargetDependency section */
		420EB1B0192B795700A2F425 /* PBXTargetDependency */ = {
			isa = PBXTargetDependency;
			target = 42D4881B192B5F0300F50523 /* Realm */;
			targetProxy = 420EB1AF192B795700A2F425 /* PBXContainerItemProxy */;
		};
		42D48833192B5F0300F50523 /* PBXTargetDependency */ = {
			isa = PBXTargetDependency;
			target = 42D4881B192B5F0300F50523 /* Realm */;
			targetProxy = 42D48832192B5F0300F50523 /* PBXContainerItemProxy */;
		};
/* End PBXTargetDependency section */

/* Begin XCBuildConfiguration section */
		420EB1AD192B791C00A2F425 /* Debug */ = {
			isa = XCBuildConfiguration;
			buildSettings = {
				PRODUCT_NAME = "$(TARGET_NAME)";
			};
			name = Debug;
		};
		420EB1AE192B791C00A2F425 /* Release */ = {
			isa = XCBuildConfiguration;
			buildSettings = {
				PRODUCT_NAME = "$(TARGET_NAME)";
			};
			name = Release;
		};
		42D4883D192B5F0300F50523 /* Debug */ = {
			isa = XCBuildConfiguration;
			buildSettings = {
				ALWAYS_SEARCH_USER_PATHS = NO;
				CLANG_CXX_LANGUAGE_STANDARD = "gnu++0x";
				CLANG_CXX_LIBRARY = "libc++";
				CLANG_ENABLE_MODULES = YES;
				CLANG_ENABLE_OBJC_ARC = YES;
				CLANG_WARN_BOOL_CONVERSION = YES;
				CLANG_WARN_CONSTANT_CONVERSION = YES;
				CLANG_WARN_DIRECT_OBJC_ISA_USAGE = YES_ERROR;
				CLANG_WARN_EMPTY_BODY = YES;
				CLANG_WARN_ENUM_CONVERSION = YES;
				CLANG_WARN_INT_CONVERSION = YES;
				CLANG_WARN_OBJC_ROOT_CLASS = YES_ERROR;
				CLANG_WARN__DUPLICATE_METHOD_MATCH = YES;
				COPY_PHASE_STRIP = NO;
				GCC_C_LANGUAGE_STANDARD = gnu99;
				GCC_DYNAMIC_NO_PIC = NO;
				GCC_OPTIMIZATION_LEVEL = 0;
				GCC_PREPROCESSOR_DEFINITIONS = (
					"DEBUG=1",
					"$(inherited)",
				);
				GCC_SYMBOLS_PRIVATE_EXTERN = NO;
				GCC_WARN_64_TO_32_BIT_CONVERSION = YES;
				GCC_WARN_ABOUT_RETURN_TYPE = YES_ERROR;
				GCC_WARN_UNDECLARED_SELECTOR = YES;
				GCC_WARN_UNINITIALIZED_AUTOS = YES_AGGRESSIVE;
				GCC_WARN_UNUSED_FUNCTION = YES;
				GCC_WARN_UNUSED_VARIABLE = YES;
				IPHONEOS_DEPLOYMENT_TARGET = 7.1;
				ONLY_ACTIVE_ARCH = YES;
				SDKROOT = iphoneos;
			};
			name = Debug;
		};
		42D4883E192B5F0300F50523 /* Release */ = {
			isa = XCBuildConfiguration;
			buildSettings = {
				ALWAYS_SEARCH_USER_PATHS = NO;
				CLANG_CXX_LANGUAGE_STANDARD = "gnu++0x";
				CLANG_CXX_LIBRARY = "libc++";
				CLANG_ENABLE_MODULES = YES;
				CLANG_ENABLE_OBJC_ARC = YES;
				CLANG_WARN_BOOL_CONVERSION = YES;
				CLANG_WARN_CONSTANT_CONVERSION = YES;
				CLANG_WARN_DIRECT_OBJC_ISA_USAGE = YES_ERROR;
				CLANG_WARN_EMPTY_BODY = YES;
				CLANG_WARN_ENUM_CONVERSION = YES;
				CLANG_WARN_INT_CONVERSION = YES;
				CLANG_WARN_OBJC_ROOT_CLASS = YES_ERROR;
				CLANG_WARN__DUPLICATE_METHOD_MATCH = YES;
				COPY_PHASE_STRIP = YES;
				ENABLE_NS_ASSERTIONS = NO;
				GCC_C_LANGUAGE_STANDARD = gnu99;
				GCC_WARN_64_TO_32_BIT_CONVERSION = YES;
				GCC_WARN_ABOUT_RETURN_TYPE = YES_ERROR;
				GCC_WARN_UNDECLARED_SELECTOR = YES;
				GCC_WARN_UNINITIALIZED_AUTOS = YES_AGGRESSIVE;
				GCC_WARN_UNUSED_FUNCTION = YES;
				GCC_WARN_UNUSED_VARIABLE = YES;
				IPHONEOS_DEPLOYMENT_TARGET = 7.1;
				SDKROOT = iphoneos;
				VALIDATE_PRODUCT = YES;
			};
			name = Release;
		};
		42D48840192B5F0300F50523 /* Debug */ = {
			isa = XCBuildConfiguration;
			baseConfigurationReference = 4B593DD048A64DA2BAA7A77B /* Pods.xcconfig */;
			buildSettings = {
				CLANG_CXX_LIBRARY = "libstdc++";
				DSTROOT = /tmp/Realm.dst;
				FRAMEWORK_SEARCH_PATHS = "$(inherited)";
				GCC_PRECOMPILE_PREFIX_HEADER = YES;
				GCC_PREFIX_HEADER = "Realm/Realm-Prefix.pch";
				HEADER_SEARCH_PATHS = (
					"\"${PODS_ROOT}/Headers\"",
					"\"${PODS_ROOT}/Headers/realm_core\"",
					"\"${PODS_ROOT}/realm_core/RealmCore.framework/Headers\"",
				);
				LIBRARY_SEARCH_PATHS = (
					"$(inherited)",
					"$(PROJECT_DIR)/Pods/build/Debug-iphoneos",
				);
				OTHER_LDFLAGS = "-ObjC";
				PRODUCT_NAME = "$(TARGET_NAME)";
				SKIP_INSTALL = YES;
			};
			name = Debug;
		};
		42D48841192B5F0300F50523 /* Release */ = {
			isa = XCBuildConfiguration;
			baseConfigurationReference = 4B593DD048A64DA2BAA7A77B /* Pods.xcconfig */;
			buildSettings = {
				CLANG_CXX_LIBRARY = "libstdc++";
				DSTROOT = /tmp/Realm.dst;
				FRAMEWORK_SEARCH_PATHS = "$(inherited)";
				GCC_PRECOMPILE_PREFIX_HEADER = YES;
				GCC_PREFIX_HEADER = "Realm/Realm-Prefix.pch";
				HEADER_SEARCH_PATHS = (
					"\"${PODS_ROOT}/Headers\"",
					"\"${PODS_ROOT}/Headers/realm_core\"",
					"\"${PODS_ROOT}/realm_core/RealmCore.framework/Headers\"",
				);
				LIBRARY_SEARCH_PATHS = (
					"$(inherited)",
					"$(PROJECT_DIR)/Pods/build/Debug-iphoneos",
				);
				OTHER_LDFLAGS = "-ObjC";
				PRODUCT_NAME = "$(TARGET_NAME)";
				SKIP_INSTALL = YES;
			};
			name = Release;
		};
		42D48843192B5F0300F50523 /* Debug */ = {
			isa = XCBuildConfiguration;
			buildSettings = {
				FRAMEWORK_SEARCH_PATHS = (
					"$(SDKROOT)/Developer/Library/Frameworks",
					"$(inherited)",
					"$(DEVELOPER_FRAMEWORKS_DIR)",
					"\"$(PROJECT_DIR)/Pods/realm core\"",
				);
				GCC_PRECOMPILE_PREFIX_HEADER = YES;
				GCC_PREFIX_HEADER = "Realm/Realm-Prefix.pch";
				GCC_PREPROCESSOR_DEFINITIONS = (
					"DEBUG=1",
					"$(inherited)",
				);
				INFOPLIST_FILE = "Realm/Tests/RealmTests-Info.plist";
				PRODUCT_NAME = "$(TARGET_NAME)";
				WRAPPER_EXTENSION = xctest;
			};
			name = Debug;
		};
		42D48844192B5F0300F50523 /* Release */ = {
			isa = XCBuildConfiguration;
			buildSettings = {
				FRAMEWORK_SEARCH_PATHS = (
					"$(SDKROOT)/Developer/Library/Frameworks",
					"$(inherited)",
					"$(DEVELOPER_FRAMEWORKS_DIR)",
					"\"$(PROJECT_DIR)/Pods/realm core\"",
				);
				GCC_PRECOMPILE_PREFIX_HEADER = YES;
				GCC_PREFIX_HEADER = "Realm/Realm-Prefix.pch";
				INFOPLIST_FILE = "Realm/Tests/RealmTests-Info.plist";
				PRODUCT_NAME = "$(TARGET_NAME)";
				WRAPPER_EXTENSION = xctest;
			};
			name = Release;
		};
/* End XCBuildConfiguration section */

/* Begin XCConfigurationList section */
		420EB1AC192B791C00A2F425 /* Build configuration list for PBXAggregateTarget "Framework" */ = {
			isa = XCConfigurationList;
			buildConfigurations = (
				420EB1AD192B791C00A2F425 /* Debug */,
				420EB1AE192B791C00A2F425 /* Release */,
			);
			defaultConfigurationIsVisible = 0;
			defaultConfigurationName = Release;
		};
		42D48817192B5F0300F50523 /* Build configuration list for PBXProject "Realm" */ = {
			isa = XCConfigurationList;
			buildConfigurations = (
				42D4883D192B5F0300F50523 /* Debug */,
				42D4883E192B5F0300F50523 /* Release */,
			);
			defaultConfigurationIsVisible = 0;
			defaultConfigurationName = Release;
		};
		42D4883F192B5F0300F50523 /* Build configuration list for PBXNativeTarget "Realm" */ = {
			isa = XCConfigurationList;
			buildConfigurations = (
				42D48840192B5F0300F50523 /* Debug */,
				42D48841192B5F0300F50523 /* Release */,
			);
			defaultConfigurationIsVisible = 0;
			defaultConfigurationName = Release;
		};
		42D48842192B5F0300F50523 /* Build configuration list for PBXNativeTarget "RealmTests" */ = {
			isa = XCConfigurationList;
			buildConfigurations = (
				42D48843192B5F0300F50523 /* Debug */,
				42D48844192B5F0300F50523 /* Release */,
			);
			defaultConfigurationIsVisible = 0;
			defaultConfigurationName = Release;
		};
/* End XCConfigurationList section */
	};
	rootObject = 42D48814192B5F0300F50523 /* Project object */;
}
